
Microsoft Visual Studio Solution File, Format Version 11.00
# Visual Studio 2010
Project("{FAE04EC0-301F-11D3-BF4B-00C04F79EFBC}") = "KosulKullanimlariDevam", "KosulKullanimlariDevam\KosulKullanimlariDevam.csproj", "{C13B7A64-BF32-49AF-95D2-B6ED3F15E431}"
EndProject
Global
	GlobalSection(SolutionConfigurationPlatforms) = preSolution
		Debug|x86 = Debug|x86
		Release|x86 = Release|x86
	EndGlobalSection
	GlobalSection(ProjectConfigurationPlatforms) = postSolution
		{C13B7A64-BF32-49AF-95D2-B6ED3F15E431}.Debug|x86.ActiveCfg = Debug|x86
		{C13B7A64-BF32-49AF-95D2-B6ED3F15E431}.Debug|x86.Build.0 = Debug|x86
		{C13B7A64-BF32-49AF-95D2-B6ED3F15E431}.Release|x86.ActiveCfg = Release|x86
		{C13B7A64-BF32-49AF-95D2-B6ED3F15E431}.Release|x86.Build.0 = Release|x86
	EndGlobalSection
	GlobalSection(SolutionProperties) = preSolution
		HideSolutionNode = FALSE
	EndGlobalSection
EndGlobal
