
Microsoft Visual Studio Solution File, Format Version 12.00
# Visual Studio 2013
VisualStudioVersion = 12.0.31101.0
MinimumVisualStudioVersion = 10.0.40219.1
Project("{2150E333-8FDC-42A3-9474-1A3956D46DE8}") = "Introduction", "Introduction", "{EC0B47C1-CF8A-4167-A58F-74A17BD9E3F4}"
EndProject
Project("{2150E333-8FDC-42A3-9474-1A3956D46DE8}") = "AdoNet", "AdoNet", "{74F0849F-9C55-413A-968A-D469737533C4}"
EndProject
Project("{2150E333-8FDC-42A3-9474-1A3956D46DE8}") = "AdoNetDML", "AdoNetDML", "{9B02E333-E497-46C4-805F-06F0062F4839}"
EndProject
Project("{2150E333-8FDC-42A3-9474-1A3956D46DE8}") = "OOP", "OOP", "{90D6A3C9-B661-4EC6-9FC9-65E25199D8D1}"
EndProject
Project("{2150E333-8FDC-42A3-9474-1A3956D46DE8}") = "Kutuphane", "Kutuphane", "{4117857D-601B-4E62-8532-9E657CCB07F4}"
EndProject
Project("{2150E333-8FDC-42A3-9474-1A3956D46DE8}") = "Frework", "Frework", "{E47FB428-47C1-4BBE-B33F-93B26B619CA9}"
EndProject
Project("{2150E333-8FDC-42A3-9474-1A3956D46DE8}") = "FW_WEB_SERVICES", "FW_WEB_SERVICES", "{7D4DFEE5-8816-4144-A5FE-D8E285C97159}"
EndProject
Project("{2150E333-8FDC-42A3-9474-1A3956D46DE8}") = "FW_Remoting", "FW_Remoting", "{A0DF03E6-F605-4569-ABF5-BB38724A8E65}"
EndProject
Project("{2150E333-8FDC-42A3-9474-1A3956D46DE8}") = "WCF(Viciyef)", "WCF(Viciyef)", "{95C03AD5-1510-449C-8D3C-336DC8CB743E}"
EndProject
Project("{FAE04EC0-301F-11D3-BF4B-00C04F79EFBC}") = "AdamAsmaca", "Introduction\AdamAsmaca\AdamAsmaca\AdamAsmaca.csproj", "{AC7EF0CA-DA3F-4ED5-9209-5BC453044B23}"
EndProject
Project("{FAE04EC0-301F-11D3-BF4B-00C04F79EFBC}") = "Degiskenler", "Introduction\Degiskenler\Degiskenler\Degiskenler.csproj", "{23001941-CFD5-4741-8C49-4FC80D47C439}"
EndProject
Project("{FAE04EC0-301F-11D3-BF4B-00C04F79EFBC}") = "DiziDonguDevam", "Introduction\DiziDonguDevam\DiziDonguDevam\DiziDonguDevam.csproj", "{D0053B02-8417-46E5-A8FD-C8F7B2BEC198}"
EndProject
Project("{FAE04EC0-301F-11D3-BF4B-00C04F79EFBC}") = "DiziDonguDevam2", "Introduction\DiziDonguDevam2\DiziDonguDevam2\DiziDonguDevam2.csproj", "{8173CE0A-DA7D-412C-8397-930D6772D6AD}"
EndProject
Project("{FAE04EC0-301F-11D3-BF4B-00C04F79EFBC}") = "Donguler", "Introduction\Donguler\Donguler\Donguler.csproj", "{CA3C9A35-7C19-4F09-AAC1-3F29263E8118}"
EndProject
Project("{FAE04EC0-301F-11D3-BF4B-00C04F79EFBC}") = "DongulerDevam", "Introduction\DongulerDevam\DongulerDevam\DongulerDevam.csproj", "{F472E181-2C15-465A-B307-2D3703720D0C}"
EndProject
Project("{FAE04EC0-301F-11D3-BF4B-00C04F79EFBC}") = "HataYakalama", "Introduction\HataYakalama\HataYakalama\HataYakalama.csproj", "{E9C748CD-0557-4794-8F8E-DB561CC3F6BB}"
EndProject
Project("{FAE04EC0-301F-11D3-BF4B-00C04F79EFBC}") = "KararYapilari", "Introduction\KararYapilari\KararYapilari\KararYapilari.csproj", "{564DCFC2-B798-4AA3-ADC7-106A95ED118E}"
EndProject
Project("{FAE04EC0-301F-11D3-BF4B-00C04F79EFBC}") = "KontrolKullanim", "Introduction\KontrolKullanim\KontrolKullanim\KontrolKullanim.csproj", "{CA5A6B7F-0D4E-47E5-ACEE-C31FD9AD58E9}"
EndProject
Project("{FAE04EC0-301F-11D3-BF4B-00C04F79EFBC}") = "KosulKullanimlari", "Introduction\KosulKullanimlari\KosulKullanimlari\KosulKullanimlari.csproj", "{4966FE5A-5579-48A0-B790-283D1D033E5D}"
EndProject
Project("{FAE04EC0-301F-11D3-BF4B-00C04F79EFBC}") = "KosulKullanimlariDevam", "Introduction\KosulKullanimlariDevam\KosulKullanimlariDevam\KosulKullanimlariDevam.csproj", "{C13B7A64-BF32-49AF-95D2-B6ED3F15E431}"
EndProject
Project("{FAE04EC0-301F-11D3-BF4B-00C04F79EFBC}") = "MerhabaCSharp", "Introduction\MerhabaCSharp\MerhabaCSharp\MerhabaCSharp.csproj", "{BF25C078-2028-4C0E-A53B-AE1FBBEB0D0D}"
EndProject
Project("{FAE04EC0-301F-11D3-BF4B-00C04F79EFBC}") = "MetotlarGiris", "Introduction\MetotlarGiris\MetotlarGiris\MetotlarGiris.csproj", "{D2055E61-F03D-42C3-9C6E-D90662BA686C}"
EndProject
Project("{FAE04EC0-301F-11D3-BF4B-00C04F79EFBC}") = "ADO_ACCESS_BAGLANTI", "ADO_ACCESS_BAGLANTI\ADO_ACCESS_BAGLANTI\ADO_ACCESS_BAGLANTI.csproj", "{05B0EEA0-E8F9-40C9-8501-FA73D7CDD359}"
EndProject
Project("{FAE04EC0-301F-11D3-BF4B-00C04F79EFBC}") = "ADO_CURRENCY_MANAGER", "ADO_CURRENCY_MANAGER\ADO_CURRENCY_MANAGER\ADO_CURRENCY_MANAGER.csproj", "{AB8F8B36-1427-452C-961F-43039F13701D}"
EndProject
Project("{FAE04EC0-301F-11D3-BF4B-00C04F79EFBC}") = "ADO_DISCONNECTED", "ADO_DISCONNECTED\ADO_DISCONNECTED\ADO_DISCONNECTED.csproj", "{7022039D-1C64-4317-81F1-4BE920B66215}"
EndProject
Project("{FAE04EC0-301F-11D3-BF4B-00C04F79EFBC}") = "ADO_MYSQL_CONNECTION", "ADO_MYSQL_CONNECTION\ADO_MYSQL_CONNECTION\ADO_MYSQL_CONNECTION.csproj", "{65DEB54A-6A62-4F72-AE1C-04215D1A3326}"
EndProject
Project("{FAE04EC0-301F-11D3-BF4B-00C04F79EFBC}") = "ADO_STORED_PROC", "ADO_STORED_PROC\ADO_STORED_PROC\ADO_STORED_PROC.csproj", "{B711259D-8D6B-4F0C-977E-F569F45500C3}"
EndProject
Project("{FAE04EC0-301F-11D3-BF4B-00C04F79EFBC}") = "ADONET_DML", "AdoNet\04Ocak\ADONET_DML\ADONET_DML\ADONET_DML.csproj", "{F8B4397D-01D1-48F1-8C99-A431F10EDDAE}"
EndProject
Project("{FAE04EC0-301F-11D3-BF4B-00C04F79EFBC}") = "Northwind.Entity", "AdoNet\04Ocak\ADONET_DML\Northwind.Entity\Northwind.Entity.csproj", "{1F9AEA7D-CD4F-4221-A7A6-01D759C19F5A}"
EndProject
Project("{FAE04EC0-301F-11D3-BF4B-00C04F79EFBC}") = "Northwind.Facade", "AdoNet\04Ocak\ADONET_DML\Northwind.Facade\Northwind.Facade.csproj", "{EF2DB400-BF57-466C-AC94-EC91674EF66F}"
EndProject
Project("{FAE04EC0-301F-11D3-BF4B-00C04F79EFBC}") = "Northwind.Tool", "AdoNet\04Ocak\ADONET_DML\Northwind.Tool\Northwind.Tool.csproj", "{ACA1CD76-2FE2-4575-9859-BC960E4CA558}"
EndProject
Project("{FAE04EC0-301F-11D3-BF4B-00C04F79EFBC}") = "ADONETGIRIS", "AdoNet\ADONETGIRIS\ADONETGIRIS\ADONETGIRIS.csproj", "{89C25C8C-04DC-4E4C-86D0-A1ACC14D075F}"
EndProject
Project("{FAE04EC0-301F-11D3-BF4B-00C04F79EFBC}") = "ADONET_DEVAM", "AdoNet\03012012\ADONET_DEVAM\ADONET_DEVAM\ADONET_DEVAM.csproj", "{233158B5-72C8-4144-893D-E852D6E46167}"
EndProject
Project("{FAE04EC0-301F-11D3-BF4B-00C04F79EFBC}") = "ADO_SQL_INJECTION", "AdoNet\03012012\ADO_SQL_INJECTION\ADO_SQL_INJECTION\ADO_SQL_INJECTION.csproj", "{5A31D296-ECC9-4431-9828-AEEFA79D5ADB}"
EndProject
Project("{FAE04EC0-301F-11D3-BF4B-00C04F79EFBC}") = "ADONET_STORED_PROC", "ADONET_STORED_PROC\ADONET_STORED_PROC\ADONET_STORED_PROC.csproj", "{E331A2C5-F447-4BB3-84EF-D7F554A0D29A}"
EndProject
Project("{FAE04EC0-301F-11D3-BF4B-00C04F79EFBC}") = "DBResimCekme", "DBResimCekme\DBResimCekme\DBResimCekme.csproj", "{56490F52-6BEA-4FAB-8839-DE5042755DE3}"
EndProject
Project("{FAE04EC0-301F-11D3-BF4B-00C04F79EFBC}") = "HaberTurkXml", "HaberTurkXml\HaberTurkXml\HaberTurkXml.csproj", "{8A8F7E15-D7A3-49C0-9A58-E22C8D7FEB84}"
EndProject
Project("{FAE04EC0-301F-11D3-BF4B-00C04F79EFBC}") = "IntroTekrar", "IntroTekrar\IntroTekrar\IntroTekrar.csproj", "{B0CC6D8E-5A69-496E-AD3A-45F780C7CD42}"
EndProject
Project("{FAE04EC0-301F-11D3-BF4B-00C04F79EFBC}") = "MdiForms", "MdiForms\MdiForms\MdiForms.csproj", "{E85F3C4D-3761-44C0-B227-8E30B29C6B3D}"
EndProject
Project("{FAE04EC0-301F-11D3-BF4B-00C04F79EFBC}") = "MdiLoginliGiris", "MdiLoginliGiris\MdiLoginliGiris\MdiLoginliGiris.csproj", "{70808242-0F5C-4A3A-BFF9-BBB15B198B8C}"
EndProject
Project("{FAE04EC0-301F-11D3-BF4B-00C04F79EFBC}") = "KutuphaneKullanimi", "OOP\KutuphaneKullanimi\KutuphaneKullanimi\KutuphaneKullanimi.csproj", "{E3235E4E-E9F1-4F58-B850-429F1EC7E52B}"
EndProject
Project("{FAE04EC0-301F-11D3-BF4B-00C04F79EFBC}") = "OOPGiris", "OOP\OOPGiris\OOPGiris\OOPGiris.csproj", "{1EB11236-B519-422E-B9C0-36B899E5B6B2}"
EndProject
Project("{FAE04EC0-301F-11D3-BF4B-00C04F79EFBC}") = "OOPLib", "OOP\OOPGiris\OOPLib\OOPLib.csproj", "{BAD557F8-9BDE-4969-BAD6-7EFD08D1514D}"
EndProject
Project("{FAE04EC0-301F-11D3-BF4B-00C04F79EFBC}") = "OOP_INHERITANCE", "OOP_INHERITANCE\OOP_INHERITANCE\OOP_INHERITANCE.csproj", "{FE1290D0-90E5-414F-A37D-6277FE26D547}"
EndProject
Project("{FAE04EC0-301F-11D3-BF4B-00C04F79EFBC}") = "OOP_STATIC", "OOP_STATIC\OOP_STATIC\OOP_STATIC.csproj", "{0CDE9279-E97F-4F8C-AAD3-C49246596B1C}"
EndProject
Project("{FAE04EC0-301F-11D3-BF4B-00C04F79EFBC}") = "OOPDevam", "OOPDevam\OOPDevam\OOPDevam.csproj", "{34D5C6FC-DAEF-47C7-9D37-CA6739884C1E}"
EndProject
Project("{FAE04EC0-301F-11D3-BF4B-00C04F79EFBC}") = "Poker", "Poker\Poker\Poker.csproj", "{3ACBD3D6-DDD2-4E51-BD7C-C3B4A91CAA57}"
EndProject
Project("{FAE04EC0-301F-11D3-BF4B-00C04F79EFBC}") = "PrintingGiris", "PrintingGiris\PrintingGiris\PrintingGiris.csproj", "{C536C08D-FB42-4806-B96C-D5E2A785B261}"
EndProject
Project("{FAE04EC0-301F-11D3-BF4B-00C04F79EFBC}") = "RichTextBoxKullanim", "RichTextBoxKullanim\RichTextBoxKullanim\RichTextBoxKullanim.csproj", "{D41F440B-E961-499B-975B-41BAE9CF1394}"
EndProject
Project("{FAE04EC0-301F-11D3-BF4B-00C04F79EFBC}") = "StringMathDateTimeMethods", "StringMathDateTimeMethods\StringMathDateTimeMethods\StringMathDateTimeMethods.csproj", "{115D4773-8889-429A-9F3B-6AD18D569427}"
EndProject
Project("{FAE04EC0-301F-11D3-BF4B-00C04F79EFBC}") = "UsingClass", "UsingClass\UsingClass\UsingClass.csproj", "{4BBD0C0E-82F9-460B-BCF0-030B1FECD085}"
EndProject
Project("{FAE04EC0-301F-11D3-BF4B-00C04F79EFBC}") = "UsingClass", "UsingClassDevam\UsingClass\UsingClass\UsingClass.csproj", "{8199C28F-69B1-4EBB-8672-A67AACF442BE}"
EndProject
Project("{FAE04EC0-301F-11D3-BF4B-00C04F79EFBC}") = "XMLGiris", "XMLGiris\XMLGiris\XMLGiris.csproj", "{3ADE154A-9E38-44C2-8CFF-1DE889C6721D}"
EndProject
Project("{FAE04EC0-301F-11D3-BF4B-00C04F79EFBC}") = "ADO_STORED_PROC_DEVAM", "ADO_STORED_PROC_DEVAM\ADO_STORED_PROC_DEVAM\ADO_STORED_PROC_DEVAM.csproj", "{0FB1EAB4-D685-4B2A-AA47-0D0EC556AFD9}"
EndProject
Project("{FAE04EC0-301F-11D3-BF4B-00C04F79EFBC}") = "Kutuphane.Entity", "KutuphaneSLN\Kutuphane.Entity\Kutuphane.Entity.csproj", "{0DD5ADE9-0C5A-488E-AD6C-9A728150BB17}"
EndProject
Project("{FAE04EC0-301F-11D3-BF4B-00C04F79EFBC}") = "Kutuphane.Facade", "KutuphaneSLN\Kutuphane.Facade\Kutuphane.Facade.csproj", "{B771D4B5-5050-408B-A82A-8776535CB75E}"
EndProject
Project("{FAE04EC0-301F-11D3-BF4B-00C04F79EFBC}") = "Kutuphane.Tool", "KutuphaneSLN\Kutuphane.Tool\Kutuphane.Tool.csproj", "{A6DEBC4F-39CA-4B24-861E-760D18486604}"
EndProject
Project("{FAE04EC0-301F-11D3-BF4B-00C04F79EFBC}") = "KutuphaneWINUI", "KutuphaneSLN\KutuphaneWINUI\KutuphaneWINUI.csproj", "{1D54B782-B10E-4EBE-B047-CD9D59D8CBAC}"
EndProject
Project("{FAE04EC0-301F-11D3-BF4B-00C04F79EFBC}") = "FW_OOPAdvanced", "FW_OOPAdvanced\FW_OOPAdvanced\FW_OOPAdvanced.csproj", "{FD832F61-8FF8-4EA7-99DF-960DE4E0328E}"
EndProject
Project("{FAE04EC0-301F-11D3-BF4B-00C04F79EFBC}") = "FW_TRIPLEDES_ENCRYPTION", "FW_TRIPLEDES_ENCRYPTION\FW_TRIPLEDES_ENCRYPTION\FW_TRIPLEDES_ENCRYPTION.csproj", "{A7033A80-FCE9-4D8F-BBB7-53839B220FC1}"
EndProject
Project("{FAE04EC0-301F-11D3-BF4B-00C04F79EFBC}") = "FW_EVENT_DELEGATE", "FW_EVENT_DELEGATE\FW_EVENT_DELEGATE\FW_EVENT_DELEGATE.csproj", "{4D71A6FF-C719-4B88-9D0D-862BA797536E}"
EndProject
Project("{FAE04EC0-301F-11D3-BF4B-00C04F79EFBC}") = "FW_OOP_SIGORTA", "FW_OOP_SIGORTA\FW_OOP_SIGORTA\FW_OOP_SIGORTA.csproj", "{73BDA2BD-E3F6-4A36-A7D3-8FE7081E9E76}"
EndProject
Project("{FAE04EC0-301F-11D3-BF4B-00C04F79EFBC}") = "FW_SANAL_BEBEK", "FW_SANAL_BEBEK\FW_SANAL_BEBEK\FW_SANAL_BEBEK.csproj", "{AF26ADAD-9C79-4D10-83CB-A6A08BD62425}"
EndProject
Project("{FAE04EC0-301F-11D3-BF4B-00C04F79EFBC}") = "FW_SMO", "FW_SMO\FW_SMO\FW_SMO.csproj", "{7E5E19C8-34C1-4E48-A03B-A9F2A4CF48EB}"
EndProject
Project("{FAE04EC0-301F-11D3-BF4B-00C04F79EFBC}") = "FutbolMerkeziWebServis", "FutbolMerkeziWebServis\FutbolMerkeziWebServis\FutbolMerkeziWebServis.csproj", "{57D690DE-9637-4488-A203-5856964C8B72}"
EndProject
Project("{FAE04EC0-301F-11D3-BF4B-00C04F79EFBC}") = "FW_THREAD", "FW_THREAD\FW_THREAD\FW_THREAD.csproj", "{B9984A7F-8718-4C26-9393-81E31BD182C7}"
EndProject
Project("{FAE04EC0-301F-11D3-BF4B-00C04F79EFBC}") = "WebServisKullanim", "WebServisKullanim\WebServisKullanim\WebServisKullanim.csproj", "{55077AA8-24A0-428D-B735-4FBBE2F30B5B}"
EndProject
Project("{FAE04EC0-301F-11D3-BF4B-00C04F79EFBC}") = "FW_WEB_SERVICES", "FW_WEB_SERVICES\FW_WEB_SERVICES\FW_WEB_SERVICES.csproj", "{B6554B2D-043B-4A4A-B3A9-9109087ECBE7}"
EndProject
Project("{FAE04EC0-301F-11D3-BF4B-00C04F79EFBC}") = "WebServisKullanim", "FW_WEB_SERVICES\WebServisKullanim\WebServisKullanim.csproj", "{428093BD-6E76-4F50-B643-E43420B056F3}"
EndProject
Project("{FAE04EC0-301F-11D3-BF4B-00C04F79EFBC}") = "FW_CUSTOM_EXCEPTION", "FW_CUSTOM_EXCEPTION\FW_CUSTOM_EXCEPTION\FW_CUSTOM_EXCEPTION.csproj", "{71B586C6-36D5-40AB-B943-F816C201C830}"
EndProject
Project("{FAE04EC0-301F-11D3-BF4B-00C04F79EFBC}") = "FW_GENERICS", "FW_GENERICS\FW_GENERICS\FW_GENERICS.csproj", "{0576E258-1704-4260-BB98-37326F86C2D0}"
EndProject
Project("{FAE04EC0-301F-11D3-BF4B-00C04F79EFBC}") = "FW_TYPE", "FW_TYPE\FW_TYPE\FW_TYPE.csproj", "{A00DA26F-60D6-48BE-A551-861C88C806EC}"
EndProject
Project("{FAE04EC0-301F-11D3-BF4B-00C04F79EFBC}") = "FW_SYSTEM_AYO", "FW_SYSTEM_AYO\FW_SYSTEM_AYO\FW_SYSTEM_AYO.csproj", "{71BED1B0-BE9A-4D7F-90B6-503D37FB9A20}"
EndProject
Project("{FAE04EC0-301F-11D3-BF4B-00C04F79EFBC}") = "FW_WINDOWS_SERVICE", "FW_WINDOWS_SERVICE\FW_WINDOWS_SERVICE\FW_WINDOWS_SERVICE.csproj", "{12125916-9065-42D7-8B85-1944BD265772}"
EndProject
Project("{FAE04EC0-301F-11D3-BF4B-00C04F79EFBC}") = "FW_COLLECTIONS", "FW_COLLECTIONS\FW_COLLECTIONS\FW_COLLECTIONS.csproj", "{4F16B0D3-129F-4E0A-BC9D-0E0A8B14A803}"
EndProject
Project("{FAE04EC0-301F-11D3-BF4B-00C04F79EFBC}") = "FW_ENTITY_FRAMEWORK", "FW_ENTITY_FRAMEWORK\FW_ENTITY_FRAMEWORK\FW_ENTITY_FRAMEWORK.csproj", "{04C25678-693D-4191-B9D7-9FCCB3A92628}"
EndProject
Project("{FAE04EC0-301F-11D3-BF4B-00C04F79EFBC}") = "Vipiyef", "Vipiyef\Vipiyef\Vipiyef.csproj", "{7E0D3C11-8286-4F0A-85DA-641931816581}"
EndProject
Project("{FAE04EC0-301F-11D3-BF4B-00C04F79EFBC}") = "Remoting.Client", "FW_REMOTING\Remoting.Client\Remoting.Client.csproj", "{8087E54F-D187-42CB-B4EF-56F2B18C651B}"
EndProject
Project("{FAE04EC0-301F-11D3-BF4B-00C04F79EFBC}") = "Remoting.Object", "FW_REMOTING\Remoting.Object\Remoting.Object.csproj", "{B9C17CC8-13CF-477D-9F25-729C7B927BCB}"
EndProject
Project("{FAE04EC0-301F-11D3-BF4B-00C04F79EFBC}") = "Remoting.Server", "FW_REMOTING\Remoting.Server\Remoting.Server.csproj", "{7D3A7422-D7FA-4B85-9454-FF5A365078C0}"
EndProject
Project("{FAE04EC0-301F-11D3-BF4B-00C04F79EFBC}") = "Viciyef", "Viciyef\Viciyef\Viciyef.csproj", "{4F616BE7-40EE-48B6-AD17-E588DE066834}"
EndProject
Project("{FAE04EC0-301F-11D3-BF4B-00C04F79EFBC}") = "VisiyefciDayi", "Viciyef\VisiyefciDayi\VisiyefciDayi.csproj", "{2210AE37-0C33-4876-B8B8-FBDC42359DDD}"
EndProject
Project("{FAE04EC0-301F-11D3-BF4B-00C04F79EFBC}") = "BinarySerialization", "BinarySerialization\BinarySerialization\BinarySerialization.csproj", "{0B44E31B-55DB-4B39-9379-345251C8153E}"
EndProject
Project("{FAE04EC0-301F-11D3-BF4B-00C04F79EFBC}") = "ApiMehmet", "ApiMehmet\ApiMehmet\ApiMehmet.csproj", "{3CD7BFF9-E6CF-416E-A7DB-1478F94B80AC}"
EndProject
Project("{FAE04EC0-301F-11D3-BF4B-00C04F79EFBC}") = "WindowsFormsApplication1", "WindowsFormsApplication1\WindowsFormsApplication1\WindowsFormsApplication1.csproj", "{55459B45-04D0-4A94-B627-0D97C4DF7708}"
EndProject
Global
	GlobalSection(SolutionConfigurationPlatforms) = preSolution
		Debug|Any CPU = Debug|Any CPU
		Debug|x86 = Debug|x86
		Release|Any CPU = Release|Any CPU
		Release|x86 = Release|x86
	EndGlobalSection
	GlobalSection(ProjectConfigurationPlatforms) = postSolution
		{AC7EF0CA-DA3F-4ED5-9209-5BC453044B23}.Debug|Any CPU.ActiveCfg = Debug|x86
		{AC7EF0CA-DA3F-4ED5-9209-5BC453044B23}.Debug|Any CPU.Build.0 = Debug|x86
		{AC7EF0CA-DA3F-4ED5-9209-5BC453044B23}.Debug|x86.ActiveCfg = Debug|x86
		{AC7EF0CA-DA3F-4ED5-9209-5BC453044B23}.Debug|x86.Build.0 = Debug|x86
		{AC7EF0CA-DA3F-4ED5-9209-5BC453044B23}.Release|Any CPU.ActiveCfg = Release|x86
		{AC7EF0CA-DA3F-4ED5-9209-5BC453044B23}.Release|Any CPU.Build.0 = Release|x86
		{AC7EF0CA-DA3F-4ED5-9209-5BC453044B23}.Release|x86.ActiveCfg = Release|x86
		{AC7EF0CA-DA3F-4ED5-9209-5BC453044B23}.Release|x86.Build.0 = Release|x86
		{23001941-CFD5-4741-8C49-4FC80D47C439}.Debug|Any CPU.ActiveCfg = Debug|x86
		{23001941-CFD5-4741-8C49-4FC80D47C439}.Debug|Any CPU.Build.0 = Debug|x86
		{23001941-CFD5-4741-8C49-4FC80D47C439}.Debug|x86.ActiveCfg = Debug|x86
		{23001941-CFD5-4741-8C49-4FC80D47C439}.Debug|x86.Build.0 = Debug|x86
		{23001941-CFD5-4741-8C49-4FC80D47C439}.Release|Any CPU.ActiveCfg = Release|x86
		{23001941-CFD5-4741-8C49-4FC80D47C439}.Release|Any CPU.Build.0 = Release|x86
		{23001941-CFD5-4741-8C49-4FC80D47C439}.Release|x86.ActiveCfg = Release|x86
		{23001941-CFD5-4741-8C49-4FC80D47C439}.Release|x86.Build.0 = Release|x86
		{D0053B02-8417-46E5-A8FD-C8F7B2BEC198}.Debug|Any CPU.ActiveCfg = Debug|x86
		{D0053B02-8417-46E5-A8FD-C8F7B2BEC198}.Debug|Any CPU.Build.0 = Debug|x86
		{D0053B02-8417-46E5-A8FD-C8F7B2BEC198}.Debug|x86.ActiveCfg = Debug|x86
		{D0053B02-8417-46E5-A8FD-C8F7B2BEC198}.Debug|x86.Build.0 = Debug|x86
		{D0053B02-8417-46E5-A8FD-C8F7B2BEC198}.Release|Any CPU.ActiveCfg = Release|x86
		{D0053B02-8417-46E5-A8FD-C8F7B2BEC198}.Release|Any CPU.Build.0 = Release|x86
		{D0053B02-8417-46E5-A8FD-C8F7B2BEC198}.Release|x86.ActiveCfg = Release|x86
		{D0053B02-8417-46E5-A8FD-C8F7B2BEC198}.Release|x86.Build.0 = Release|x86
		{8173CE0A-DA7D-412C-8397-930D6772D6AD}.Debug|Any CPU.ActiveCfg = Debug|x86
		{8173CE0A-DA7D-412C-8397-930D6772D6AD}.Debug|Any CPU.Build.0 = Debug|x86
		{8173CE0A-DA7D-412C-8397-930D6772D6AD}.Debug|x86.ActiveCfg = Debug|x86
		{8173CE0A-DA7D-412C-8397-930D6772D6AD}.Debug|x86.Build.0 = Debug|x86
		{8173CE0A-DA7D-412C-8397-930D6772D6AD}.Release|Any CPU.ActiveCfg = Release|x86
		{8173CE0A-DA7D-412C-8397-930D6772D6AD}.Release|Any CPU.Build.0 = Release|x86
		{8173CE0A-DA7D-412C-8397-930D6772D6AD}.Release|x86.ActiveCfg = Release|x86
		{8173CE0A-DA7D-412C-8397-930D6772D6AD}.Release|x86.Build.0 = Release|x86
		{CA3C9A35-7C19-4F09-AAC1-3F29263E8118}.Debug|Any CPU.ActiveCfg = Debug|x86
		{CA3C9A35-7C19-4F09-AAC1-3F29263E8118}.Debug|Any CPU.Build.0 = Debug|x86
		{CA3C9A35-7C19-4F09-AAC1-3F29263E8118}.Debug|x86.ActiveCfg = Debug|x86
		{CA3C9A35-7C19-4F09-AAC1-3F29263E8118}.Debug|x86.Build.0 = Debug|x86
		{CA3C9A35-7C19-4F09-AAC1-3F29263E8118}.Release|Any CPU.ActiveCfg = Release|x86
		{CA3C9A35-7C19-4F09-AAC1-3F29263E8118}.Release|Any CPU.Build.0 = Release|x86
		{CA3C9A35-7C19-4F09-AAC1-3F29263E8118}.Release|x86.ActiveCfg = Release|x86
		{CA3C9A35-7C19-4F09-AAC1-3F29263E8118}.Release|x86.Build.0 = Release|x86
		{F472E181-2C15-465A-B307-2D3703720D0C}.Debug|Any CPU.ActiveCfg = Debug|x86
		{F472E181-2C15-465A-B307-2D3703720D0C}.Debug|Any CPU.Build.0 = Debug|x86
		{F472E181-2C15-465A-B307-2D3703720D0C}.Debug|x86.ActiveCfg = Debug|x86
		{F472E181-2C15-465A-B307-2D3703720D0C}.Debug|x86.Build.0 = Debug|x86
		{F472E181-2C15-465A-B307-2D3703720D0C}.Release|Any CPU.ActiveCfg = Release|x86
		{F472E181-2C15-465A-B307-2D3703720D0C}.Release|Any CPU.Build.0 = Release|x86
		{F472E181-2C15-465A-B307-2D3703720D0C}.Release|x86.ActiveCfg = Release|x86
		{F472E181-2C15-465A-B307-2D3703720D0C}.Release|x86.Build.0 = Release|x86
		{E9C748CD-0557-4794-8F8E-DB561CC3F6BB}.Debug|Any CPU.ActiveCfg = Debug|x86
		{E9C748CD-0557-4794-8F8E-DB561CC3F6BB}.Debug|Any CPU.Build.0 = Debug|x86
		{E9C748CD-0557-4794-8F8E-DB561CC3F6BB}.Debug|x86.ActiveCfg = Debug|x86
		{E9C748CD-0557-4794-8F8E-DB561CC3F6BB}.Debug|x86.Build.0 = Debug|x86
		{E9C748CD-0557-4794-8F8E-DB561CC3F6BB}.Release|Any CPU.ActiveCfg = Release|x86
		{E9C748CD-0557-4794-8F8E-DB561CC3F6BB}.Release|Any CPU.Build.0 = Release|x86
		{E9C748CD-0557-4794-8F8E-DB561CC3F6BB}.Release|x86.ActiveCfg = Release|x86
		{E9C748CD-0557-4794-8F8E-DB561CC3F6BB}.Release|x86.Build.0 = Release|x86
		{564DCFC2-B798-4AA3-ADC7-106A95ED118E}.Debug|Any CPU.ActiveCfg = Debug|x86
		{564DCFC2-B798-4AA3-ADC7-106A95ED118E}.Debug|Any CPU.Build.0 = Debug|x86
		{564DCFC2-B798-4AA3-ADC7-106A95ED118E}.Debug|x86.ActiveCfg = Debug|x86
		{564DCFC2-B798-4AA3-ADC7-106A95ED118E}.Debug|x86.Build.0 = Debug|x86
		{564DCFC2-B798-4AA3-ADC7-106A95ED118E}.Release|Any CPU.ActiveCfg = Release|x86
		{564DCFC2-B798-4AA3-ADC7-106A95ED118E}.Release|Any CPU.Build.0 = Release|x86
		{564DCFC2-B798-4AA3-ADC7-106A95ED118E}.Release|x86.ActiveCfg = Release|x86
		{564DCFC2-B798-4AA3-ADC7-106A95ED118E}.Release|x86.Build.0 = Release|x86
		{CA5A6B7F-0D4E-47E5-ACEE-C31FD9AD58E9}.Debug|Any CPU.ActiveCfg = Debug|x86
		{CA5A6B7F-0D4E-47E5-ACEE-C31FD9AD58E9}.Debug|Any CPU.Build.0 = Debug|x86
		{CA5A6B7F-0D4E-47E5-ACEE-C31FD9AD58E9}.Debug|x86.ActiveCfg = Debug|x86
		{CA5A6B7F-0D4E-47E5-ACEE-C31FD9AD58E9}.Debug|x86.Build.0 = Debug|x86
		{CA5A6B7F-0D4E-47E5-ACEE-C31FD9AD58E9}.Release|Any CPU.ActiveCfg = Release|x86
		{CA5A6B7F-0D4E-47E5-ACEE-C31FD9AD58E9}.Release|Any CPU.Build.0 = Release|x86
		{CA5A6B7F-0D4E-47E5-ACEE-C31FD9AD58E9}.Release|x86.ActiveCfg = Release|x86
		{CA5A6B7F-0D4E-47E5-ACEE-C31FD9AD58E9}.Release|x86.Build.0 = Release|x86
		{4966FE5A-5579-48A0-B790-283D1D033E5D}.Debug|Any CPU.ActiveCfg = Debug|x86
		{4966FE5A-5579-48A0-B790-283D1D033E5D}.Debug|Any CPU.Build.0 = Debug|x86
		{4966FE5A-5579-48A0-B790-283D1D033E5D}.Debug|x86.ActiveCfg = Debug|x86
		{4966FE5A-5579-48A0-B790-283D1D033E5D}.Debug|x86.Build.0 = Debug|x86
		{4966FE5A-5579-48A0-B790-283D1D033E5D}.Release|Any CPU.ActiveCfg = Release|x86
		{4966FE5A-5579-48A0-B790-283D1D033E5D}.Release|Any CPU.Build.0 = Release|x86
		{4966FE5A-5579-48A0-B790-283D1D033E5D}.Release|x86.ActiveCfg = Release|x86
		{4966FE5A-5579-48A0-B790-283D1D033E5D}.Release|x86.Build.0 = Release|x86
		{C13B7A64-BF32-49AF-95D2-B6ED3F15E431}.Debug|Any CPU.ActiveCfg = Debug|x86
		{C13B7A64-BF32-49AF-95D2-B6ED3F15E431}.Debug|Any CPU.Build.0 = Debug|x86
		{C13B7A64-BF32-49AF-95D2-B6ED3F15E431}.Debug|x86.ActiveCfg = Debug|x86
		{C13B7A64-BF32-49AF-95D2-B6ED3F15E431}.Debug|x86.Build.0 = Debug|x86
		{C13B7A64-BF32-49AF-95D2-B6ED3F15E431}.Release|Any CPU.ActiveCfg = Release|x86
		{C13B7A64-BF32-49AF-95D2-B6ED3F15E431}.Release|Any CPU.Build.0 = Release|x86
		{C13B7A64-BF32-49AF-95D2-B6ED3F15E431}.Release|x86.ActiveCfg = Release|x86
		{C13B7A64-BF32-49AF-95D2-B6ED3F15E431}.Release|x86.Build.0 = Release|x86
		{BF25C078-2028-4C0E-A53B-AE1FBBEB0D0D}.Debug|Any CPU.ActiveCfg = Debug|x86
		{BF25C078-2028-4C0E-A53B-AE1FBBEB0D0D}.Debug|Any CPU.Build.0 = Debug|x86
		{BF25C078-2028-4C0E-A53B-AE1FBBEB0D0D}.Debug|x86.ActiveCfg = Debug|x86
		{BF25C078-2028-4C0E-A53B-AE1FBBEB0D0D}.Debug|x86.Build.0 = Debug|x86
		{BF25C078-2028-4C0E-A53B-AE1FBBEB0D0D}.Release|Any CPU.ActiveCfg = Release|x86
		{BF25C078-2028-4C0E-A53B-AE1FBBEB0D0D}.Release|Any CPU.Build.0 = Release|x86
		{BF25C078-2028-4C0E-A53B-AE1FBBEB0D0D}.Release|x86.ActiveCfg = Release|x86
		{BF25C078-2028-4C0E-A53B-AE1FBBEB0D0D}.Release|x86.Build.0 = Release|x86
		{D2055E61-F03D-42C3-9C6E-D90662BA686C}.Debug|Any CPU.ActiveCfg = Debug|x86
		{D2055E61-F03D-42C3-9C6E-D90662BA686C}.Debug|Any CPU.Build.0 = Debug|x86
		{D2055E61-F03D-42C3-9C6E-D90662BA686C}.Debug|x86.ActiveCfg = Debug|x86
		{D2055E61-F03D-42C3-9C6E-D90662BA686C}.Debug|x86.Build.0 = Debug|x86
		{D2055E61-F03D-42C3-9C6E-D90662BA686C}.Release|Any CPU.ActiveCfg = Release|x86
		{D2055E61-F03D-42C3-9C6E-D90662BA686C}.Release|Any CPU.Build.0 = Release|x86
		{D2055E61-F03D-42C3-9C6E-D90662BA686C}.Release|x86.ActiveCfg = Release|x86
		{D2055E61-F03D-42C3-9C6E-D90662BA686C}.Release|x86.Build.0 = Release|x86
		{05B0EEA0-E8F9-40C9-8501-FA73D7CDD359}.Debug|Any CPU.ActiveCfg = Debug|x86
		{05B0EEA0-E8F9-40C9-8501-FA73D7CDD359}.Debug|Any CPU.Build.0 = Debug|x86
		{05B0EEA0-E8F9-40C9-8501-FA73D7CDD359}.Debug|x86.ActiveCfg = Debug|x86
		{05B0EEA0-E8F9-40C9-8501-FA73D7CDD359}.Debug|x86.Build.0 = Debug|x86
		{05B0EEA0-E8F9-40C9-8501-FA73D7CDD359}.Release|Any CPU.ActiveCfg = Release|x86
		{05B0EEA0-E8F9-40C9-8501-FA73D7CDD359}.Release|Any CPU.Build.0 = Release|x86
		{05B0EEA0-E8F9-40C9-8501-FA73D7CDD359}.Release|x86.ActiveCfg = Release|x86
		{05B0EEA0-E8F9-40C9-8501-FA73D7CDD359}.Release|x86.Build.0 = Release|x86
		{AB8F8B36-1427-452C-961F-43039F13701D}.Debug|Any CPU.ActiveCfg = Debug|x86
		{AB8F8B36-1427-452C-961F-43039F13701D}.Debug|Any CPU.Build.0 = Debug|x86
		{AB8F8B36-1427-452C-961F-43039F13701D}.Debug|x86.ActiveCfg = Debug|x86
		{AB8F8B36-1427-452C-961F-43039F13701D}.Debug|x86.Build.0 = Debug|x86
		{AB8F8B36-1427-452C-961F-43039F13701D}.Release|Any CPU.ActiveCfg = Release|x86
		{AB8F8B36-1427-452C-961F-43039F13701D}.Release|Any CPU.Build.0 = Release|x86
		{AB8F8B36-1427-452C-961F-43039F13701D}.Release|x86.ActiveCfg = Release|x86
		{AB8F8B36-1427-452C-961F-43039F13701D}.Release|x86.Build.0 = Release|x86
		{7022039D-1C64-4317-81F1-4BE920B66215}.Debug|Any CPU.ActiveCfg = Debug|x86
		{7022039D-1C64-4317-81F1-4BE920B66215}.Debug|Any CPU.Build.0 = Debug|x86
		{7022039D-1C64-4317-81F1-4BE920B66215}.Debug|x86.ActiveCfg = Debug|x86
		{7022039D-1C64-4317-81F1-4BE920B66215}.Debug|x86.Build.0 = Debug|x86
		{7022039D-1C64-4317-81F1-4BE920B66215}.Release|Any CPU.ActiveCfg = Release|x86
		{7022039D-1C64-4317-81F1-4BE920B66215}.Release|Any CPU.Build.0 = Release|x86
		{7022039D-1C64-4317-81F1-4BE920B66215}.Release|x86.ActiveCfg = Release|x86
		{7022039D-1C64-4317-81F1-4BE920B66215}.Release|x86.Build.0 = Release|x86
		{65DEB54A-6A62-4F72-AE1C-04215D1A3326}.Debug|Any CPU.ActiveCfg = Debug|x86
		{65DEB54A-6A62-4F72-AE1C-04215D1A3326}.Debug|Any CPU.Build.0 = Debug|x86
		{65DEB54A-6A62-4F72-AE1C-04215D1A3326}.Debug|x86.ActiveCfg = Debug|x86
		{65DEB54A-6A62-4F72-AE1C-04215D1A3326}.Debug|x86.Build.0 = Debug|x86
		{65DEB54A-6A62-4F72-AE1C-04215D1A3326}.Release|Any CPU.ActiveCfg = Release|x86
		{65DEB54A-6A62-4F72-AE1C-04215D1A3326}.Release|Any CPU.Build.0 = Release|x86
		{65DEB54A-6A62-4F72-AE1C-04215D1A3326}.Release|x86.ActiveCfg = Release|x86
		{65DEB54A-6A62-4F72-AE1C-04215D1A3326}.Release|x86.Build.0 = Release|x86
		{B711259D-8D6B-4F0C-977E-F569F45500C3}.Debug|Any CPU.ActiveCfg = Debug|x86
		{B711259D-8D6B-4F0C-977E-F569F45500C3}.Debug|Any CPU.Build.0 = Debug|x86
		{B711259D-8D6B-4F0C-977E-F569F45500C3}.Debug|x86.ActiveCfg = Debug|x86
		{B711259D-8D6B-4F0C-977E-F569F45500C3}.Debug|x86.Build.0 = Debug|x86
		{B711259D-8D6B-4F0C-977E-F569F45500C3}.Release|Any CPU.ActiveCfg = Release|x86
		{B711259D-8D6B-4F0C-977E-F569F45500C3}.Release|Any CPU.Build.0 = Release|x86
		{B711259D-8D6B-4F0C-977E-F569F45500C3}.Release|x86.ActiveCfg = Release|x86
		{B711259D-8D6B-4F0C-977E-F569F45500C3}.Release|x86.Build.0 = Release|x86
		{F8B4397D-01D1-48F1-8C99-A431F10EDDAE}.Debug|Any CPU.ActiveCfg = Debug|x86
		{F8B4397D-01D1-48F1-8C99-A431F10EDDAE}.Debug|Any CPU.Build.0 = Debug|x86
		{F8B4397D-01D1-48F1-8C99-A431F10EDDAE}.Debug|x86.ActiveCfg = Debug|x86
		{F8B4397D-01D1-48F1-8C99-A431F10EDDAE}.Debug|x86.Build.0 = Debug|x86
		{F8B4397D-01D1-48F1-8C99-A431F10EDDAE}.Release|Any CPU.ActiveCfg = Release|x86
		{F8B4397D-01D1-48F1-8C99-A431F10EDDAE}.Release|Any CPU.Build.0 = Release|x86
		{F8B4397D-01D1-48F1-8C99-A431F10EDDAE}.Release|x86.ActiveCfg = Release|x86
		{F8B4397D-01D1-48F1-8C99-A431F10EDDAE}.Release|x86.Build.0 = Release|x86
		{1F9AEA7D-CD4F-4221-A7A6-01D759C19F5A}.Debug|Any CPU.ActiveCfg = Debug|Any CPU
		{1F9AEA7D-CD4F-4221-A7A6-01D759C19F5A}.Debug|Any CPU.Build.0 = Debug|Any CPU
		{1F9AEA7D-CD4F-4221-A7A6-01D759C19F5A}.Debug|x86.ActiveCfg = Debug|Any CPU
		{1F9AEA7D-CD4F-4221-A7A6-01D759C19F5A}.Debug|x86.Build.0 = Debug|Any CPU
		{1F9AEA7D-CD4F-4221-A7A6-01D759C19F5A}.Release|Any CPU.ActiveCfg = Release|Any CPU
		{1F9AEA7D-CD4F-4221-A7A6-01D759C19F5A}.Release|Any CPU.Build.0 = Release|Any CPU
		{1F9AEA7D-CD4F-4221-A7A6-01D759C19F5A}.Release|x86.ActiveCfg = Release|Any CPU
		{1F9AEA7D-CD4F-4221-A7A6-01D759C19F5A}.Release|x86.Build.0 = Release|Any CPU
		{EF2DB400-BF57-466C-AC94-EC91674EF66F}.Debug|Any CPU.ActiveCfg = Debug|Any CPU
		{EF2DB400-BF57-466C-AC94-EC91674EF66F}.Debug|Any CPU.Build.0 = Debug|Any CPU
		{EF2DB400-BF57-466C-AC94-EC91674EF66F}.Debug|x86.ActiveCfg = Debug|Any CPU
		{EF2DB400-BF57-466C-AC94-EC91674EF66F}.Debug|x86.Build.0 = Debug|Any CPU
		{EF2DB400-BF57-466C-AC94-EC91674EF66F}.Release|Any CPU.ActiveCfg = Release|Any CPU
		{EF2DB400-BF57-466C-AC94-EC91674EF66F}.Release|Any CPU.Build.0 = Release|Any CPU
		{EF2DB400-BF57-466C-AC94-EC91674EF66F}.Release|x86.ActiveCfg = Release|Any CPU
		{EF2DB400-BF57-466C-AC94-EC91674EF66F}.Release|x86.Build.0 = Release|Any CPU
		{ACA1CD76-2FE2-4575-9859-BC960E4CA558}.Debug|Any CPU.ActiveCfg = Debug|Any CPU
		{ACA1CD76-2FE2-4575-9859-BC960E4CA558}.Debug|Any CPU.Build.0 = Debug|Any CPU
		{ACA1CD76-2FE2-4575-9859-BC960E4CA558}.Debug|x86.ActiveCfg = Debug|Any CPU
		{ACA1CD76-2FE2-4575-9859-BC960E4CA558}.Debug|x86.Build.0 = Debug|Any CPU
		{ACA1CD76-2FE2-4575-9859-BC960E4CA558}.Release|Any CPU.ActiveCfg = Release|Any CPU
		{ACA1CD76-2FE2-4575-9859-BC960E4CA558}.Release|Any CPU.Build.0 = Release|Any CPU
		{ACA1CD76-2FE2-4575-9859-BC960E4CA558}.Release|x86.ActiveCfg = Release|Any CPU
		{ACA1CD76-2FE2-4575-9859-BC960E4CA558}.Release|x86.Build.0 = Release|Any CPU
		{89C25C8C-04DC-4E4C-86D0-A1ACC14D075F}.Debug|Any CPU.ActiveCfg = Debug|x86
		{89C25C8C-04DC-4E4C-86D0-A1ACC14D075F}.Debug|Any CPU.Build.0 = Debug|x86
		{89C25C8C-04DC-4E4C-86D0-A1ACC14D075F}.Debug|x86.ActiveCfg = Debug|x86
		{89C25C8C-04DC-4E4C-86D0-A1ACC14D075F}.Debug|x86.Build.0 = Debug|x86
		{89C25C8C-04DC-4E4C-86D0-A1ACC14D075F}.Release|Any CPU.ActiveCfg = Release|x86
		{89C25C8C-04DC-4E4C-86D0-A1ACC14D075F}.Release|Any CPU.Build.0 = Release|x86
		{89C25C8C-04DC-4E4C-86D0-A1ACC14D075F}.Release|x86.ActiveCfg = Release|x86
		{89C25C8C-04DC-4E4C-86D0-A1ACC14D075F}.Release|x86.Build.0 = Release|x86
		{233158B5-72C8-4144-893D-E852D6E46167}.Debug|Any CPU.ActiveCfg = Debug|x86
		{233158B5-72C8-4144-893D-E852D6E46167}.Debug|Any CPU.Build.0 = Debug|x86
		{233158B5-72C8-4144-893D-E852D6E46167}.Debug|x86.ActiveCfg = Debug|x86
		{233158B5-72C8-4144-893D-E852D6E46167}.Debug|x86.Build.0 = Debug|x86
		{233158B5-72C8-4144-893D-E852D6E46167}.Release|Any CPU.ActiveCfg = Release|x86
		{233158B5-72C8-4144-893D-E852D6E46167}.Release|Any CPU.Build.0 = Release|x86
		{233158B5-72C8-4144-893D-E852D6E46167}.Release|x86.ActiveCfg = Release|x86
		{233158B5-72C8-4144-893D-E852D6E46167}.Release|x86.Build.0 = Release|x86
		{5A31D296-ECC9-4431-9828-AEEFA79D5ADB}.Debug|Any CPU.ActiveCfg = Debug|x86
		{5A31D296-ECC9-4431-9828-AEEFA79D5ADB}.Debug|Any CPU.Build.0 = Debug|x86
		{5A31D296-ECC9-4431-9828-AEEFA79D5ADB}.Debug|x86.ActiveCfg = Debug|x86
		{5A31D296-ECC9-4431-9828-AEEFA79D5ADB}.Debug|x86.Build.0 = Debug|x86
		{5A31D296-ECC9-4431-9828-AEEFA79D5ADB}.Release|Any CPU.ActiveCfg = Release|x86
		{5A31D296-ECC9-4431-9828-AEEFA79D5ADB}.Release|Any CPU.Build.0 = Release|x86
		{5A31D296-ECC9-4431-9828-AEEFA79D5ADB}.Release|x86.ActiveCfg = Release|x86
		{5A31D296-ECC9-4431-9828-AEEFA79D5ADB}.Release|x86.Build.0 = Release|x86
		{E331A2C5-F447-4BB3-84EF-D7F554A0D29A}.Debug|Any CPU.ActiveCfg = Debug|x86
		{E331A2C5-F447-4BB3-84EF-D7F554A0D29A}.Debug|Any CPU.Build.0 = Debug|x86
		{E331A2C5-F447-4BB3-84EF-D7F554A0D29A}.Debug|x86.ActiveCfg = Debug|x86
		{E331A2C5-F447-4BB3-84EF-D7F554A0D29A}.Debug|x86.Build.0 = Debug|x86
		{E331A2C5-F447-4BB3-84EF-D7F554A0D29A}.Release|Any CPU.ActiveCfg = Release|x86
		{E331A2C5-F447-4BB3-84EF-D7F554A0D29A}.Release|Any CPU.Build.0 = Release|x86
		{E331A2C5-F447-4BB3-84EF-D7F554A0D29A}.Release|x86.ActiveCfg = Release|x86
		{E331A2C5-F447-4BB3-84EF-D7F554A0D29A}.Release|x86.Build.0 = Release|x86
		{56490F52-6BEA-4FAB-8839-DE5042755DE3}.Debug|Any CPU.ActiveCfg = Debug|x86
		{56490F52-6BEA-4FAB-8839-DE5042755DE3}.Debug|Any CPU.Build.0 = Debug|x86
		{56490F52-6BEA-4FAB-8839-DE5042755DE3}.Debug|x86.ActiveCfg = Debug|x86
		{56490F52-6BEA-4FAB-8839-DE5042755DE3}.Debug|x86.Build.0 = Debug|x86
		{56490F52-6BEA-4FAB-8839-DE5042755DE3}.Release|Any CPU.ActiveCfg = Release|x86
		{56490F52-6BEA-4FAB-8839-DE5042755DE3}.Release|Any CPU.Build.0 = Release|x86
		{56490F52-6BEA-4FAB-8839-DE5042755DE3}.Release|x86.ActiveCfg = Release|x86
		{56490F52-6BEA-4FAB-8839-DE5042755DE3}.Release|x86.Build.0 = Release|x86
		{8A8F7E15-D7A3-49C0-9A58-E22C8D7FEB84}.Debug|Any CPU.ActiveCfg = Debug|x86
		{8A8F7E15-D7A3-49C0-9A58-E22C8D7FEB84}.Debug|Any CPU.Build.0 = Debug|x86
		{8A8F7E15-D7A3-49C0-9A58-E22C8D7FEB84}.Debug|x86.ActiveCfg = Debug|x86
		{8A8F7E15-D7A3-49C0-9A58-E22C8D7FEB84}.Debug|x86.Build.0 = Debug|x86
		{8A8F7E15-D7A3-49C0-9A58-E22C8D7FEB84}.Release|Any CPU.ActiveCfg = Release|x86
		{8A8F7E15-D7A3-49C0-9A58-E22C8D7FEB84}.Release|Any CPU.Build.0 = Release|x86
		{8A8F7E15-D7A3-49C0-9A58-E22C8D7FEB84}.Release|x86.ActiveCfg = Release|x86
		{8A8F7E15-D7A3-49C0-9A58-E22C8D7FEB84}.Release|x86.Build.0 = Release|x86
		{B0CC6D8E-5A69-496E-AD3A-45F780C7CD42}.Debug|Any CPU.ActiveCfg = Debug|x86
		{B0CC6D8E-5A69-496E-AD3A-45F780C7CD42}.Debug|Any CPU.Build.0 = Debug|x86
		{B0CC6D8E-5A69-496E-AD3A-45F780C7CD42}.Debug|x86.ActiveCfg = Debug|x86
		{B0CC6D8E-5A69-496E-AD3A-45F780C7CD42}.Debug|x86.Build.0 = Debug|x86
		{B0CC6D8E-5A69-496E-AD3A-45F780C7CD42}.Release|Any CPU.ActiveCfg = Release|x86
		{B0CC6D8E-5A69-496E-AD3A-45F780C7CD42}.Release|Any CPU.Build.0 = Release|x86
		{B0CC6D8E-5A69-496E-AD3A-45F780C7CD42}.Release|x86.ActiveCfg = Release|x86
		{B0CC6D8E-5A69-496E-AD3A-45F780C7CD42}.Release|x86.Build.0 = Release|x86
		{E85F3C4D-3761-44C0-B227-8E30B29C6B3D}.Debug|Any CPU.ActiveCfg = Debug|x86
		{E85F3C4D-3761-44C0-B227-8E30B29C6B3D}.Debug|Any CPU.Build.0 = Debug|x86
		{E85F3C4D-3761-44C0-B227-8E30B29C6B3D}.Debug|x86.ActiveCfg = Debug|x86
		{E85F3C4D-3761-44C0-B227-8E30B29C6B3D}.Debug|x86.Build.0 = Debug|x86
		{E85F3C4D-3761-44C0-B227-8E30B29C6B3D}.Release|Any CPU.ActiveCfg = Release|x86
		{E85F3C4D-3761-44C0-B227-8E30B29C6B3D}.Release|Any CPU.Build.0 = Release|x86
		{E85F3C4D-3761-44C0-B227-8E30B29C6B3D}.Release|x86.ActiveCfg = Release|x86
		{E85F3C4D-3761-44C0-B227-8E30B29C6B3D}.Release|x86.Build.0 = Release|x86
		{70808242-0F5C-4A3A-BFF9-BBB15B198B8C}.Debug|Any CPU.ActiveCfg = Debug|x86
		{70808242-0F5C-4A3A-BFF9-BBB15B198B8C}.Debug|Any CPU.Build.0 = Debug|x86
		{70808242-0F5C-4A3A-BFF9-BBB15B198B8C}.Debug|x86.ActiveCfg = Debug|x86
		{70808242-0F5C-4A3A-BFF9-BBB15B198B8C}.Debug|x86.Build.0 = Debug|x86
		{70808242-0F5C-4A3A-BFF9-BBB15B198B8C}.Release|Any CPU.ActiveCfg = Release|x86
		{70808242-0F5C-4A3A-BFF9-BBB15B198B8C}.Release|Any CPU.Build.0 = Release|x86
		{70808242-0F5C-4A3A-BFF9-BBB15B198B8C}.Release|x86.ActiveCfg = Release|x86
		{70808242-0F5C-4A3A-BFF9-BBB15B198B8C}.Release|x86.Build.0 = Release|x86
		{E3235E4E-E9F1-4F58-B850-429F1EC7E52B}.Debug|Any CPU.ActiveCfg = Debug|x86
		{E3235E4E-E9F1-4F58-B850-429F1EC7E52B}.Debug|Any CPU.Build.0 = Debug|x86
		{E3235E4E-E9F1-4F58-B850-429F1EC7E52B}.Debug|x86.ActiveCfg = Debug|x86
		{E3235E4E-E9F1-4F58-B850-429F1EC7E52B}.Debug|x86.Build.0 = Debug|x86
		{E3235E4E-E9F1-4F58-B850-429F1EC7E52B}.Release|Any CPU.ActiveCfg = Release|x86
		{E3235E4E-E9F1-4F58-B850-429F1EC7E52B}.Release|Any CPU.Build.0 = Release|x86
		{E3235E4E-E9F1-4F58-B850-429F1EC7E52B}.Release|x86.ActiveCfg = Release|x86
		{E3235E4E-E9F1-4F58-B850-429F1EC7E52B}.Release|x86.Build.0 = Release|x86
		{1EB11236-B519-422E-B9C0-36B899E5B6B2}.Debug|Any CPU.ActiveCfg = Debug|x86
		{1EB11236-B519-422E-B9C0-36B899E5B6B2}.Debug|Any CPU.Build.0 = Debug|x86
		{1EB11236-B519-422E-B9C0-36B899E5B6B2}.Debug|x86.ActiveCfg = Debug|x86
		{1EB11236-B519-422E-B9C0-36B899E5B6B2}.Debug|x86.Build.0 = Debug|x86
		{1EB11236-B519-422E-B9C0-36B899E5B6B2}.Release|Any CPU.ActiveCfg = Release|x86
		{1EB11236-B519-422E-B9C0-36B899E5B6B2}.Release|Any CPU.Build.0 = Release|x86
		{1EB11236-B519-422E-B9C0-36B899E5B6B2}.Release|x86.ActiveCfg = Release|x86
		{1EB11236-B519-422E-B9C0-36B899E5B6B2}.Release|x86.Build.0 = Release|x86
		{BAD557F8-9BDE-4969-BAD6-7EFD08D1514D}.Debug|Any CPU.ActiveCfg = Debug|Any CPU
		{BAD557F8-9BDE-4969-BAD6-7EFD08D1514D}.Debug|Any CPU.Build.0 = Debug|Any CPU
		{BAD557F8-9BDE-4969-BAD6-7EFD08D1514D}.Debug|x86.ActiveCfg = Debug|Any CPU
		{BAD557F8-9BDE-4969-BAD6-7EFD08D1514D}.Debug|x86.Build.0 = Debug|Any CPU
		{BAD557F8-9BDE-4969-BAD6-7EFD08D1514D}.Release|Any CPU.ActiveCfg = Release|Any CPU
		{BAD557F8-9BDE-4969-BAD6-7EFD08D1514D}.Release|Any CPU.Build.0 = Release|Any CPU
		{BAD557F8-9BDE-4969-BAD6-7EFD08D1514D}.Release|x86.ActiveCfg = Release|Any CPU
		{BAD557F8-9BDE-4969-BAD6-7EFD08D1514D}.Release|x86.Build.0 = Release|Any CPU
		{FE1290D0-90E5-414F-A37D-6277FE26D547}.Debug|Any CPU.ActiveCfg = Debug|x86
		{FE1290D0-90E5-414F-A37D-6277FE26D547}.Debug|Any CPU.Build.0 = Debug|x86
		{FE1290D0-90E5-414F-A37D-6277FE26D547}.Debug|x86.ActiveCfg = Debug|x86
		{FE1290D0-90E5-414F-A37D-6277FE26D547}.Debug|x86.Build.0 = Debug|x86
		{FE1290D0-90E5-414F-A37D-6277FE26D547}.Release|Any CPU.ActiveCfg = Release|x86
		{FE1290D0-90E5-414F-A37D-6277FE26D547}.Release|Any CPU.Build.0 = Release|x86
		{FE1290D0-90E5-414F-A37D-6277FE26D547}.Release|x86.ActiveCfg = Release|x86
		{FE1290D0-90E5-414F-A37D-6277FE26D547}.Release|x86.Build.0 = Release|x86
		{0CDE9279-E97F-4F8C-AAD3-C49246596B1C}.Debug|Any CPU.ActiveCfg = Debug|x86
		{0CDE9279-E97F-4F8C-AAD3-C49246596B1C}.Debug|Any CPU.Build.0 = Debug|x86
		{0CDE9279-E97F-4F8C-AAD3-C49246596B1C}.Debug|x86.ActiveCfg = Debug|x86
		{0CDE9279-E97F-4F8C-AAD3-C49246596B1C}.Debug|x86.Build.0 = Debug|x86
		{0CDE9279-E97F-4F8C-AAD3-C49246596B1C}.Release|Any CPU.ActiveCfg = Release|x86
		{0CDE9279-E97F-4F8C-AAD3-C49246596B1C}.Release|Any CPU.Build.0 = Release|x86
		{0CDE9279-E97F-4F8C-AAD3-C49246596B1C}.Release|x86.ActiveCfg = Release|x86
		{0CDE9279-E97F-4F8C-AAD3-C49246596B1C}.Release|x86.Build.0 = Release|x86
		{34D5C6FC-DAEF-47C7-9D37-CA6739884C1E}.Debug|Any CPU.ActiveCfg = Debug|x86
		{34D5C6FC-DAEF-47C7-9D37-CA6739884C1E}.Debug|Any CPU.Build.0 = Debug|x86
		{34D5C6FC-DAEF-47C7-9D37-CA6739884C1E}.Debug|x86.ActiveCfg = Debug|x86
		{34D5C6FC-DAEF-47C7-9D37-CA6739884C1E}.Debug|x86.Build.0 = Debug|x86
		{34D5C6FC-DAEF-47C7-9D37-CA6739884C1E}.Release|Any CPU.ActiveCfg = Release|x86
		{34D5C6FC-DAEF-47C7-9D37-CA6739884C1E}.Release|Any CPU.Build.0 = Release|x86
		{34D5C6FC-DAEF-47C7-9D37-CA6739884C1E}.Release|x86.ActiveCfg = Release|x86
		{34D5C6FC-DAEF-47C7-9D37-CA6739884C1E}.Release|x86.Build.0 = Release|x86
		{3ACBD3D6-DDD2-4E51-BD7C-C3B4A91CAA57}.Debug|Any CPU.ActiveCfg = Debug|x86
		{3ACBD3D6-DDD2-4E51-BD7C-C3B4A91CAA57}.Debug|Any CPU.Build.0 = Debug|x86
		{3ACBD3D6-DDD2-4E51-BD7C-C3B4A91CAA57}.Debug|x86.ActiveCfg = Debug|x86
		{3ACBD3D6-DDD2-4E51-BD7C-C3B4A91CAA57}.Debug|x86.Build.0 = Debug|x86
		{3ACBD3D6-DDD2-4E51-BD7C-C3B4A91CAA57}.Release|Any CPU.ActiveCfg = Release|x86
		{3ACBD3D6-DDD2-4E51-BD7C-C3B4A91CAA57}.Release|Any CPU.Build.0 = Release|x86
		{3ACBD3D6-DDD2-4E51-BD7C-C3B4A91CAA57}.Release|x86.ActiveCfg = Release|x86
		{3ACBD3D6-DDD2-4E51-BD7C-C3B4A91CAA57}.Release|x86.Build.0 = Release|x86
		{C536C08D-FB42-4806-B96C-D5E2A785B261}.Debug|Any CPU.ActiveCfg = Debug|x86
		{C536C08D-FB42-4806-B96C-D5E2A785B261}.Debug|Any CPU.Build.0 = Debug|x86
		{C536C08D-FB42-4806-B96C-D5E2A785B261}.Debug|x86.ActiveCfg = Debug|x86
		{C536C08D-FB42-4806-B96C-D5E2A785B261}.Debug|x86.Build.0 = Debug|x86
		{C536C08D-FB42-4806-B96C-D5E2A785B261}.Release|Any CPU.ActiveCfg = Release|x86
		{C536C08D-FB42-4806-B96C-D5E2A785B261}.Release|Any CPU.Build.0 = Release|x86
		{C536C08D-FB42-4806-B96C-D5E2A785B261}.Release|x86.ActiveCfg = Release|x86
		{C536C08D-FB42-4806-B96C-D5E2A785B261}.Release|x86.Build.0 = Release|x86
		{D41F440B-E961-499B-975B-41BAE9CF1394}.Debug|Any CPU.ActiveCfg = Debug|x86
		{D41F440B-E961-499B-975B-41BAE9CF1394}.Debug|Any CPU.Build.0 = Debug|x86
		{D41F440B-E961-499B-975B-41BAE9CF1394}.Debug|x86.ActiveCfg = Debug|x86
		{D41F440B-E961-499B-975B-41BAE9CF1394}.Debug|x86.Build.0 = Debug|x86
		{D41F440B-E961-499B-975B-41BAE9CF1394}.Release|Any CPU.ActiveCfg = Release|x86
		{D41F440B-E961-499B-975B-41BAE9CF1394}.Release|Any CPU.Build.0 = Release|x86
		{D41F440B-E961-499B-975B-41BAE9CF1394}.Release|x86.ActiveCfg = Release|x86
		{D41F440B-E961-499B-975B-41BAE9CF1394}.Release|x86.Build.0 = Release|x86
		{115D4773-8889-429A-9F3B-6AD18D569427}.Debug|Any CPU.ActiveCfg = Debug|x86
		{115D4773-8889-429A-9F3B-6AD18D569427}.Debug|Any CPU.Build.0 = Debug|x86
		{115D4773-8889-429A-9F3B-6AD18D569427}.Debug|x86.ActiveCfg = Debug|x86
		{115D4773-8889-429A-9F3B-6AD18D569427}.Debug|x86.Build.0 = Debug|x86
		{115D4773-8889-429A-9F3B-6AD18D569427}.Release|Any CPU.ActiveCfg = Release|x86
		{115D4773-8889-429A-9F3B-6AD18D569427}.Release|Any CPU.Build.0 = Release|x86
		{115D4773-8889-429A-9F3B-6AD18D569427}.Release|x86.ActiveCfg = Release|x86
		{115D4773-8889-429A-9F3B-6AD18D569427}.Release|x86.Build.0 = Release|x86
		{4BBD0C0E-82F9-460B-BCF0-030B1FECD085}.Debug|Any CPU.ActiveCfg = Debug|x86
		{4BBD0C0E-82F9-460B-BCF0-030B1FECD085}.Debug|Any CPU.Build.0 = Debug|x86
		{4BBD0C0E-82F9-460B-BCF0-030B1FECD085}.Debug|x86.ActiveCfg = Debug|x86
		{4BBD0C0E-82F9-460B-BCF0-030B1FECD085}.Debug|x86.Build.0 = Debug|x86
		{4BBD0C0E-82F9-460B-BCF0-030B1FECD085}.Release|Any CPU.ActiveCfg = Release|x86
		{4BBD0C0E-82F9-460B-BCF0-030B1FECD085}.Release|Any CPU.Build.0 = Release|x86
		{4BBD0C0E-82F9-460B-BCF0-030B1FECD085}.Release|x86.ActiveCfg = Release|x86
		{4BBD0C0E-82F9-460B-BCF0-030B1FECD085}.Release|x86.Build.0 = Release|x86
		{8199C28F-69B1-4EBB-8672-A67AACF442BE}.Debug|Any CPU.ActiveCfg = Debug|x86
		{8199C28F-69B1-4EBB-8672-A67AACF442BE}.Debug|x86.ActiveCfg = Debug|x86
		{8199C28F-69B1-4EBB-8672-A67AACF442BE}.Debug|x86.Build.0 = Debug|x86
		{8199C28F-69B1-4EBB-8672-A67AACF442BE}.Release|Any CPU.ActiveCfg = Release|x86
		{8199C28F-69B1-4EBB-8672-A67AACF442BE}.Release|x86.ActiveCfg = Release|x86
		{8199C28F-69B1-4EBB-8672-A67AACF442BE}.Release|x86.Build.0 = Release|x86
		{3ADE154A-9E38-44C2-8CFF-1DE889C6721D}.Debug|Any CPU.ActiveCfg = Debug|x86
		{3ADE154A-9E38-44C2-8CFF-1DE889C6721D}.Debug|Any CPU.Build.0 = Debug|x86
		{3ADE154A-9E38-44C2-8CFF-1DE889C6721D}.Debug|x86.ActiveCfg = Debug|x86
		{3ADE154A-9E38-44C2-8CFF-1DE889C6721D}.Debug|x86.Build.0 = Debug|x86
		{3ADE154A-9E38-44C2-8CFF-1DE889C6721D}.Release|Any CPU.ActiveCfg = Release|x86
		{3ADE154A-9E38-44C2-8CFF-1DE889C6721D}.Release|Any CPU.Build.0 = Release|x86
		{3ADE154A-9E38-44C2-8CFF-1DE889C6721D}.Release|x86.ActiveCfg = Release|x86
		{3ADE154A-9E38-44C2-8CFF-1DE889C6721D}.Release|x86.Build.0 = Release|x86
		{0FB1EAB4-D685-4B2A-AA47-0D0EC556AFD9}.Debug|Any CPU.ActiveCfg = Debug|x86
		{0FB1EAB4-D685-4B2A-AA47-0D0EC556AFD9}.Debug|Any CPU.Build.0 = Debug|x86
		{0FB1EAB4-D685-4B2A-AA47-0D0EC556AFD9}.Debug|x86.ActiveCfg = Debug|x86
		{0FB1EAB4-D685-4B2A-AA47-0D0EC556AFD9}.Debug|x86.Build.0 = Debug|x86
		{0FB1EAB4-D685-4B2A-AA47-0D0EC556AFD9}.Release|Any CPU.ActiveCfg = Release|x86
		{0FB1EAB4-D685-4B2A-AA47-0D0EC556AFD9}.Release|Any CPU.Build.0 = Release|x86
		{0FB1EAB4-D685-4B2A-AA47-0D0EC556AFD9}.Release|x86.ActiveCfg = Release|x86
		{0FB1EAB4-D685-4B2A-AA47-0D0EC556AFD9}.Release|x86.Build.0 = Release|x86
		{0DD5ADE9-0C5A-488E-AD6C-9A728150BB17}.Debug|Any CPU.ActiveCfg = Debug|Any CPU
		{0DD5ADE9-0C5A-488E-AD6C-9A728150BB17}.Debug|Any CPU.Build.0 = Debug|Any CPU
		{0DD5ADE9-0C5A-488E-AD6C-9A728150BB17}.Debug|x86.ActiveCfg = Debug|Any CPU
		{0DD5ADE9-0C5A-488E-AD6C-9A728150BB17}.Debug|x86.Build.0 = Debug|Any CPU
		{0DD5ADE9-0C5A-488E-AD6C-9A728150BB17}.Release|Any CPU.ActiveCfg = Release|Any CPU
		{0DD5ADE9-0C5A-488E-AD6C-9A728150BB17}.Release|Any CPU.Build.0 = Release|Any CPU
		{0DD5ADE9-0C5A-488E-AD6C-9A728150BB17}.Release|x86.ActiveCfg = Release|Any CPU
		{0DD5ADE9-0C5A-488E-AD6C-9A728150BB17}.Release|x86.Build.0 = Release|Any CPU
		{B771D4B5-5050-408B-A82A-8776535CB75E}.Debug|Any CPU.ActiveCfg = Debug|Any CPU
		{B771D4B5-5050-408B-A82A-8776535CB75E}.Debug|Any CPU.Build.0 = Debug|Any CPU
		{B771D4B5-5050-408B-A82A-8776535CB75E}.Debug|x86.ActiveCfg = Debug|Any CPU
		{B771D4B5-5050-408B-A82A-8776535CB75E}.Debug|x86.Build.0 = Debug|Any CPU
		{B771D4B5-5050-408B-A82A-8776535CB75E}.Release|Any CPU.ActiveCfg = Release|Any CPU
		{B771D4B5-5050-408B-A82A-8776535CB75E}.Release|Any CPU.Build.0 = Release|Any CPU
		{B771D4B5-5050-408B-A82A-8776535CB75E}.Release|x86.ActiveCfg = Release|Any CPU
		{B771D4B5-5050-408B-A82A-8776535CB75E}.Release|x86.Build.0 = Release|Any CPU
		{A6DEBC4F-39CA-4B24-861E-760D18486604}.Debug|Any CPU.ActiveCfg = Debug|Any CPU
		{A6DEBC4F-39CA-4B24-861E-760D18486604}.Debug|Any CPU.Build.0 = Debug|Any CPU
		{A6DEBC4F-39CA-4B24-861E-760D18486604}.Debug|x86.ActiveCfg = Debug|Any CPU
		{A6DEBC4F-39CA-4B24-861E-760D18486604}.Debug|x86.Build.0 = Debug|Any CPU
		{A6DEBC4F-39CA-4B24-861E-760D18486604}.Release|Any CPU.ActiveCfg = Release|Any CPU
		{A6DEBC4F-39CA-4B24-861E-760D18486604}.Release|Any CPU.Build.0 = Release|Any CPU
		{A6DEBC4F-39CA-4B24-861E-760D18486604}.Release|x86.ActiveCfg = Release|Any CPU
		{A6DEBC4F-39CA-4B24-861E-760D18486604}.Release|x86.Build.0 = Release|Any CPU
		{1D54B782-B10E-4EBE-B047-CD9D59D8CBAC}.Debug|Any CPU.ActiveCfg = Debug|x86
		{1D54B782-B10E-4EBE-B047-CD9D59D8CBAC}.Debug|Any CPU.Build.0 = Debug|x86
		{1D54B782-B10E-4EBE-B047-CD9D59D8CBAC}.Debug|x86.ActiveCfg = Debug|x86
		{1D54B782-B10E-4EBE-B047-CD9D59D8CBAC}.Debug|x86.Build.0 = Debug|x86
		{1D54B782-B10E-4EBE-B047-CD9D59D8CBAC}.Release|Any CPU.ActiveCfg = Release|x86
		{1D54B782-B10E-4EBE-B047-CD9D59D8CBAC}.Release|Any CPU.Build.0 = Release|x86
		{1D54B782-B10E-4EBE-B047-CD9D59D8CBAC}.Release|x86.ActiveCfg = Release|x86
		{1D54B782-B10E-4EBE-B047-CD9D59D8CBAC}.Release|x86.Build.0 = Release|x86
		{FD832F61-8FF8-4EA7-99DF-960DE4E0328E}.Debug|Any CPU.ActiveCfg = Debug|x86
		{FD832F61-8FF8-4EA7-99DF-960DE4E0328E}.Debug|Any CPU.Build.0 = Debug|x86
		{FD832F61-8FF8-4EA7-99DF-960DE4E0328E}.Debug|x86.ActiveCfg = Debug|x86
		{FD832F61-8FF8-4EA7-99DF-960DE4E0328E}.Debug|x86.Build.0 = Debug|x86
		{FD832F61-8FF8-4EA7-99DF-960DE4E0328E}.Release|Any CPU.ActiveCfg = Release|x86
		{FD832F61-8FF8-4EA7-99DF-960DE4E0328E}.Release|Any CPU.Build.0 = Release|x86
		{FD832F61-8FF8-4EA7-99DF-960DE4E0328E}.Release|x86.ActiveCfg = Release|x86
		{FD832F61-8FF8-4EA7-99DF-960DE4E0328E}.Release|x86.Build.0 = Release|x86
		{A7033A80-FCE9-4D8F-BBB7-53839B220FC1}.Debug|Any CPU.ActiveCfg = Debug|x86
		{A7033A80-FCE9-4D8F-BBB7-53839B220FC1}.Debug|Any CPU.Build.0 = Debug|x86
		{A7033A80-FCE9-4D8F-BBB7-53839B220FC1}.Debug|x86.ActiveCfg = Debug|x86
		{A7033A80-FCE9-4D8F-BBB7-53839B220FC1}.Debug|x86.Build.0 = Debug|x86
		{A7033A80-FCE9-4D8F-BBB7-53839B220FC1}.Release|Any CPU.ActiveCfg = Release|x86
		{A7033A80-FCE9-4D8F-BBB7-53839B220FC1}.Release|Any CPU.Build.0 = Release|x86
		{A7033A80-FCE9-4D8F-BBB7-53839B220FC1}.Release|x86.ActiveCfg = Release|x86
		{A7033A80-FCE9-4D8F-BBB7-53839B220FC1}.Release|x86.Build.0 = Release|x86
		{4D71A6FF-C719-4B88-9D0D-862BA797536E}.Debug|Any CPU.ActiveCfg = Debug|x86
		{4D71A6FF-C719-4B88-9D0D-862BA797536E}.Debug|Any CPU.Build.0 = Debug|x86
		{4D71A6FF-C719-4B88-9D0D-862BA797536E}.Debug|x86.ActiveCfg = Debug|x86
		{4D71A6FF-C719-4B88-9D0D-862BA797536E}.Debug|x86.Build.0 = Debug|x86
		{4D71A6FF-C719-4B88-9D0D-862BA797536E}.Release|Any CPU.ActiveCfg = Release|x86
		{4D71A6FF-C719-4B88-9D0D-862BA797536E}.Release|Any CPU.Build.0 = Release|x86
		{4D71A6FF-C719-4B88-9D0D-862BA797536E}.Release|x86.ActiveCfg = Release|x86
		{4D71A6FF-C719-4B88-9D0D-862BA797536E}.Release|x86.Build.0 = Release|x86
		{73BDA2BD-E3F6-4A36-A7D3-8FE7081E9E76}.Debug|Any CPU.ActiveCfg = Debug|x86
		{73BDA2BD-E3F6-4A36-A7D3-8FE7081E9E76}.Debug|Any CPU.Build.0 = Debug|x86
		{73BDA2BD-E3F6-4A36-A7D3-8FE7081E9E76}.Debug|x86.ActiveCfg = Debug|x86
		{73BDA2BD-E3F6-4A36-A7D3-8FE7081E9E76}.Debug|x86.Build.0 = Debug|x86
		{73BDA2BD-E3F6-4A36-A7D3-8FE7081E9E76}.Release|Any CPU.ActiveCfg = Release|x86
		{73BDA2BD-E3F6-4A36-A7D3-8FE7081E9E76}.Release|Any CPU.Build.0 = Release|x86
		{73BDA2BD-E3F6-4A36-A7D3-8FE7081E9E76}.Release|x86.ActiveCfg = Release|x86
		{73BDA2BD-E3F6-4A36-A7D3-8FE7081E9E76}.Release|x86.Build.0 = Release|x86
		{AF26ADAD-9C79-4D10-83CB-A6A08BD62425}.Debug|Any CPU.ActiveCfg = Debug|x86
		{AF26ADAD-9C79-4D10-83CB-A6A08BD62425}.Debug|Any CPU.Build.0 = Debug|x86
		{AF26ADAD-9C79-4D10-83CB-A6A08BD62425}.Debug|x86.ActiveCfg = Debug|x86
		{AF26ADAD-9C79-4D10-83CB-A6A08BD62425}.Debug|x86.Build.0 = Debug|x86
		{AF26ADAD-9C79-4D10-83CB-A6A08BD62425}.Release|Any CPU.ActiveCfg = Release|x86
		{AF26ADAD-9C79-4D10-83CB-A6A08BD62425}.Release|Any CPU.Build.0 = Release|x86
		{AF26ADAD-9C79-4D10-83CB-A6A08BD62425}.Release|x86.ActiveCfg = Release|x86
		{AF26ADAD-9C79-4D10-83CB-A6A08BD62425}.Release|x86.Build.0 = Release|x86
		{7E5E19C8-34C1-4E48-A03B-A9F2A4CF48EB}.Debug|Any CPU.ActiveCfg = Debug|x86
		{7E5E19C8-34C1-4E48-A03B-A9F2A4CF48EB}.Debug|Any CPU.Build.0 = Debug|x86
		{7E5E19C8-34C1-4E48-A03B-A9F2A4CF48EB}.Debug|x86.ActiveCfg = Debug|x86
		{7E5E19C8-34C1-4E48-A03B-A9F2A4CF48EB}.Debug|x86.Build.0 = Debug|x86
		{7E5E19C8-34C1-4E48-A03B-A9F2A4CF48EB}.Release|Any CPU.ActiveCfg = Release|x86
		{7E5E19C8-34C1-4E48-A03B-A9F2A4CF48EB}.Release|Any CPU.Build.0 = Release|x86
		{7E5E19C8-34C1-4E48-A03B-A9F2A4CF48EB}.Release|x86.ActiveCfg = Release|x86
		{7E5E19C8-34C1-4E48-A03B-A9F2A4CF48EB}.Release|x86.Build.0 = Release|x86
		{57D690DE-9637-4488-A203-5856964C8B72}.Debug|Any CPU.ActiveCfg = Debug|x86
		{57D690DE-9637-4488-A203-5856964C8B72}.Debug|Any CPU.Build.0 = Debug|x86
		{57D690DE-9637-4488-A203-5856964C8B72}.Debug|x86.ActiveCfg = Debug|x86
		{57D690DE-9637-4488-A203-5856964C8B72}.Debug|x86.Build.0 = Debug|x86
		{57D690DE-9637-4488-A203-5856964C8B72}.Release|Any CPU.ActiveCfg = Release|x86
		{57D690DE-9637-4488-A203-5856964C8B72}.Release|Any CPU.Build.0 = Release|x86
		{57D690DE-9637-4488-A203-5856964C8B72}.Release|x86.ActiveCfg = Release|x86
		{57D690DE-9637-4488-A203-5856964C8B72}.Release|x86.Build.0 = Release|x86
		{B9984A7F-8718-4C26-9393-81E31BD182C7}.Debug|Any CPU.ActiveCfg = Debug|x86
		{B9984A7F-8718-4C26-9393-81E31BD182C7}.Debug|Any CPU.Build.0 = Debug|x86
		{B9984A7F-8718-4C26-9393-81E31BD182C7}.Debug|x86.ActiveCfg = Debug|x86
		{B9984A7F-8718-4C26-9393-81E31BD182C7}.Debug|x86.Build.0 = Debug|x86
		{B9984A7F-8718-4C26-9393-81E31BD182C7}.Release|Any CPU.ActiveCfg = Release|x86
		{B9984A7F-8718-4C26-9393-81E31BD182C7}.Release|Any CPU.Build.0 = Release|x86
		{B9984A7F-8718-4C26-9393-81E31BD182C7}.Release|x86.ActiveCfg = Release|x86
		{B9984A7F-8718-4C26-9393-81E31BD182C7}.Release|x86.Build.0 = Release|x86
		{55077AA8-24A0-428D-B735-4FBBE2F30B5B}.Debug|Any CPU.ActiveCfg = Debug|x86
		{55077AA8-24A0-428D-B735-4FBBE2F30B5B}.Debug|Any CPU.Build.0 = Debug|x86
		{55077AA8-24A0-428D-B735-4FBBE2F30B5B}.Debug|x86.ActiveCfg = Debug|x86
		{55077AA8-24A0-428D-B735-4FBBE2F30B5B}.Debug|x86.Build.0 = Debug|x86
		{55077AA8-24A0-428D-B735-4FBBE2F30B5B}.Release|Any CPU.ActiveCfg = Release|x86
		{55077AA8-24A0-428D-B735-4FBBE2F30B5B}.Release|Any CPU.Build.0 = Release|x86
		{55077AA8-24A0-428D-B735-4FBBE2F30B5B}.Release|x86.ActiveCfg = Release|x86
		{55077AA8-24A0-428D-B735-4FBBE2F30B5B}.Release|x86.Build.0 = Release|x86
		{B6554B2D-043B-4A4A-B3A9-9109087ECBE7}.Debug|Any CPU.ActiveCfg = Debug|Any CPU
		{B6554B2D-043B-4A4A-B3A9-9109087ECBE7}.Debug|Any CPU.Build.0 = Debug|Any CPU
		{B6554B2D-043B-4A4A-B3A9-9109087ECBE7}.Debug|x86.ActiveCfg = Debug|Any CPU
		{B6554B2D-043B-4A4A-B3A9-9109087ECBE7}.Debug|x86.Build.0 = Debug|Any CPU
		{B6554B2D-043B-4A4A-B3A9-9109087ECBE7}.Release|Any CPU.ActiveCfg = Release|Any CPU
		{B6554B2D-043B-4A4A-B3A9-9109087ECBE7}.Release|Any CPU.Build.0 = Release|Any CPU
		{B6554B2D-043B-4A4A-B3A9-9109087ECBE7}.Release|x86.ActiveCfg = Release|Any CPU
		{B6554B2D-043B-4A4A-B3A9-9109087ECBE7}.Release|x86.Build.0 = Release|Any CPU
		{428093BD-6E76-4F50-B643-E43420B056F3}.Debug|Any CPU.ActiveCfg = Debug|x86
		{428093BD-6E76-4F50-B643-E43420B056F3}.Debug|Any CPU.Build.0 = Debug|x86
		{428093BD-6E76-4F50-B643-E43420B056F3}.Debug|x86.ActiveCfg = Debug|x86
		{428093BD-6E76-4F50-B643-E43420B056F3}.Debug|x86.Build.0 = Debug|x86
		{428093BD-6E76-4F50-B643-E43420B056F3}.Release|Any CPU.ActiveCfg = Release|x86
		{428093BD-6E76-4F50-B643-E43420B056F3}.Release|Any CPU.Build.0 = Release|x86
		{428093BD-6E76-4F50-B643-E43420B056F3}.Release|x86.ActiveCfg = Release|x86
		{428093BD-6E76-4F50-B643-E43420B056F3}.Release|x86.Build.0 = Release|x86
		{71B586C6-36D5-40AB-B943-F816C201C830}.Debug|Any CPU.ActiveCfg = Debug|x86
		{71B586C6-36D5-40AB-B943-F816C201C830}.Debug|Any CPU.Build.0 = Debug|x86
		{71B586C6-36D5-40AB-B943-F816C201C830}.Debug|x86.ActiveCfg = Debug|x86
		{71B586C6-36D5-40AB-B943-F816C201C830}.Debug|x86.Build.0 = Debug|x86
		{71B586C6-36D5-40AB-B943-F816C201C830}.Release|Any CPU.ActiveCfg = Release|x86
		{71B586C6-36D5-40AB-B943-F816C201C830}.Release|Any CPU.Build.0 = Release|x86
		{71B586C6-36D5-40AB-B943-F816C201C830}.Release|x86.ActiveCfg = Release|x86
		{71B586C6-36D5-40AB-B943-F816C201C830}.Release|x86.Build.0 = Release|x86
		{0576E258-1704-4260-BB98-37326F86C2D0}.Debug|Any CPU.ActiveCfg = Debug|x86
		{0576E258-1704-4260-BB98-37326F86C2D0}.Debug|Any CPU.Build.0 = Debug|x86
		{0576E258-1704-4260-BB98-37326F86C2D0}.Debug|x86.ActiveCfg = Debug|x86
		{0576E258-1704-4260-BB98-37326F86C2D0}.Debug|x86.Build.0 = Debug|x86
		{0576E258-1704-4260-BB98-37326F86C2D0}.Release|Any CPU.ActiveCfg = Release|x86
		{0576E258-1704-4260-BB98-37326F86C2D0}.Release|Any CPU.Build.0 = Release|x86
		{0576E258-1704-4260-BB98-37326F86C2D0}.Release|x86.ActiveCfg = Release|x86
		{0576E258-1704-4260-BB98-37326F86C2D0}.Release|x86.Build.0 = Release|x86
		{A00DA26F-60D6-48BE-A551-861C88C806EC}.Debug|Any CPU.ActiveCfg = Debug|x86
		{A00DA26F-60D6-48BE-A551-861C88C806EC}.Debug|Any CPU.Build.0 = Debug|x86
		{A00DA26F-60D6-48BE-A551-861C88C806EC}.Debug|x86.ActiveCfg = Debug|x86
		{A00DA26F-60D6-48BE-A551-861C88C806EC}.Debug|x86.Build.0 = Debug|x86
		{A00DA26F-60D6-48BE-A551-861C88C806EC}.Release|Any CPU.ActiveCfg = Release|x86
		{A00DA26F-60D6-48BE-A551-861C88C806EC}.Release|Any CPU.Build.0 = Release|x86
		{A00DA26F-60D6-48BE-A551-861C88C806EC}.Release|x86.ActiveCfg = Release|x86
		{A00DA26F-60D6-48BE-A551-861C88C806EC}.Release|x86.Build.0 = Release|x86
		{71BED1B0-BE9A-4D7F-90B6-503D37FB9A20}.Debug|Any CPU.ActiveCfg = Debug|x86
		{71BED1B0-BE9A-4D7F-90B6-503D37FB9A20}.Debug|Any CPU.Build.0 = Debug|x86
		{71BED1B0-BE9A-4D7F-90B6-503D37FB9A20}.Debug|x86.ActiveCfg = Debug|x86
		{71BED1B0-BE9A-4D7F-90B6-503D37FB9A20}.Debug|x86.Build.0 = Debug|x86
		{71BED1B0-BE9A-4D7F-90B6-503D37FB9A20}.Release|Any CPU.ActiveCfg = Release|x86
		{71BED1B0-BE9A-4D7F-90B6-503D37FB9A20}.Release|Any CPU.Build.0 = Release|x86
		{71BED1B0-BE9A-4D7F-90B6-503D37FB9A20}.Release|x86.ActiveCfg = Release|x86
		{71BED1B0-BE9A-4D7F-90B6-503D37FB9A20}.Release|x86.Build.0 = Release|x86
		{12125916-9065-42D7-8B85-1944BD265772}.Debug|Any CPU.ActiveCfg = Debug|x86
		{12125916-9065-42D7-8B85-1944BD265772}.Debug|Any CPU.Build.0 = Debug|x86
		{12125916-9065-42D7-8B85-1944BD265772}.Debug|x86.ActiveCfg = Debug|x86
		{12125916-9065-42D7-8B85-1944BD265772}.Debug|x86.Build.0 = Debug|x86
		{12125916-9065-42D7-8B85-1944BD265772}.Release|Any CPU.ActiveCfg = Release|x86
		{12125916-9065-42D7-8B85-1944BD265772}.Release|Any CPU.Build.0 = Release|x86
		{12125916-9065-42D7-8B85-1944BD265772}.Release|x86.ActiveCfg = Release|x86
		{12125916-9065-42D7-8B85-1944BD265772}.Release|x86.Build.0 = Release|x86
		{4F16B0D3-129F-4E0A-BC9D-0E0A8B14A803}.Debug|Any CPU.ActiveCfg = Debug|x86
		{4F16B0D3-129F-4E0A-BC9D-0E0A8B14A803}.Debug|Any CPU.Build.0 = Debug|x86
		{4F16B0D3-129F-4E0A-BC9D-0E0A8B14A803}.Debug|x86.ActiveCfg = Debug|x86
		{4F16B0D3-129F-4E0A-BC9D-0E0A8B14A803}.Debug|x86.Build.0 = Debug|x86
		{4F16B0D3-129F-4E0A-BC9D-0E0A8B14A803}.Release|Any CPU.ActiveCfg = Release|x86
		{4F16B0D3-129F-4E0A-BC9D-0E0A8B14A803}.Release|Any CPU.Build.0 = Release|x86
		{4F16B0D3-129F-4E0A-BC9D-0E0A8B14A803}.Release|x86.ActiveCfg = Release|x86
		{4F16B0D3-129F-4E0A-BC9D-0E0A8B14A803}.Release|x86.Build.0 = Release|x86
		{04C25678-693D-4191-B9D7-9FCCB3A92628}.Debug|Any CPU.ActiveCfg = Debug|x86
		{04C25678-693D-4191-B9D7-9FCCB3A92628}.Debug|Any CPU.Build.0 = Debug|x86
		{04C25678-693D-4191-B9D7-9FCCB3A92628}.Debug|x86.ActiveCfg = Debug|x86
		{04C25678-693D-4191-B9D7-9FCCB3A92628}.Debug|x86.Build.0 = Debug|x86
		{04C25678-693D-4191-B9D7-9FCCB3A92628}.Release|Any CPU.ActiveCfg = Release|x86
		{04C25678-693D-4191-B9D7-9FCCB3A92628}.Release|Any CPU.Build.0 = Release|x86
		{04C25678-693D-4191-B9D7-9FCCB3A92628}.Release|x86.ActiveCfg = Release|x86
		{04C25678-693D-4191-B9D7-9FCCB3A92628}.Release|x86.Build.0 = Release|x86
		{7E0D3C11-8286-4F0A-85DA-641931816581}.Debug|Any CPU.ActiveCfg = Debug|x86
		{7E0D3C11-8286-4F0A-85DA-641931816581}.Debug|Any CPU.Build.0 = Debug|x86
		{7E0D3C11-8286-4F0A-85DA-641931816581}.Debug|x86.ActiveCfg = Debug|x86
		{7E0D3C11-8286-4F0A-85DA-641931816581}.Debug|x86.Build.0 = Debug|x86
		{7E0D3C11-8286-4F0A-85DA-641931816581}.Release|Any CPU.ActiveCfg = Release|x86
		{7E0D3C11-8286-4F0A-85DA-641931816581}.Release|Any CPU.Build.0 = Release|x86
		{7E0D3C11-8286-4F0A-85DA-641931816581}.Release|x86.ActiveCfg = Release|x86
		{7E0D3C11-8286-4F0A-85DA-641931816581}.Release|x86.Build.0 = Release|x86
		{8087E54F-D187-42CB-B4EF-56F2B18C651B}.Debug|Any CPU.ActiveCfg = Debug|x86
		{8087E54F-D187-42CB-B4EF-56F2B18C651B}.Debug|Any CPU.Build.0 = Debug|x86
		{8087E54F-D187-42CB-B4EF-56F2B18C651B}.Debug|x86.ActiveCfg = Debug|x86
		{8087E54F-D187-42CB-B4EF-56F2B18C651B}.Debug|x86.Build.0 = Debug|x86
		{8087E54F-D187-42CB-B4EF-56F2B18C651B}.Release|Any CPU.ActiveCfg = Release|x86
		{8087E54F-D187-42CB-B4EF-56F2B18C651B}.Release|Any CPU.Build.0 = Release|x86
		{8087E54F-D187-42CB-B4EF-56F2B18C651B}.Release|x86.ActiveCfg = Release|x86
		{8087E54F-D187-42CB-B4EF-56F2B18C651B}.Release|x86.Build.0 = Release|x86
		{B9C17CC8-13CF-477D-9F25-729C7B927BCB}.Debug|Any CPU.ActiveCfg = Debug|Any CPU
		{B9C17CC8-13CF-477D-9F25-729C7B927BCB}.Debug|Any CPU.Build.0 = Debug|Any CPU
		{B9C17CC8-13CF-477D-9F25-729C7B927BCB}.Debug|x86.ActiveCfg = Debug|Any CPU
		{B9C17CC8-13CF-477D-9F25-729C7B927BCB}.Debug|x86.Build.0 = Debug|Any CPU
		{B9C17CC8-13CF-477D-9F25-729C7B927BCB}.Release|Any CPU.ActiveCfg = Release|Any CPU
		{B9C17CC8-13CF-477D-9F25-729C7B927BCB}.Release|Any CPU.Build.0 = Release|Any CPU
		{B9C17CC8-13CF-477D-9F25-729C7B927BCB}.Release|x86.ActiveCfg = Release|Any CPU
		{B9C17CC8-13CF-477D-9F25-729C7B927BCB}.Release|x86.Build.0 = Release|Any CPU
		{7D3A7422-D7FA-4B85-9454-FF5A365078C0}.Debug|Any CPU.ActiveCfg = Debug|x86
		{7D3A7422-D7FA-4B85-9454-FF5A365078C0}.Debug|Any CPU.Build.0 = Debug|x86
		{7D3A7422-D7FA-4B85-9454-FF5A365078C0}.Debug|x86.ActiveCfg = Debug|x86
		{7D3A7422-D7FA-4B85-9454-FF5A365078C0}.Debug|x86.Build.0 = Debug|x86
		{7D3A7422-D7FA-4B85-9454-FF5A365078C0}.Release|Any CPU.ActiveCfg = Release|x86
		{7D3A7422-D7FA-4B85-9454-FF5A365078C0}.Release|Any CPU.Build.0 = Release|x86
		{7D3A7422-D7FA-4B85-9454-FF5A365078C0}.Release|x86.ActiveCfg = Release|x86
		{7D3A7422-D7FA-4B85-9454-FF5A365078C0}.Release|x86.Build.0 = Release|x86
		{4F616BE7-40EE-48B6-AD17-E588DE066834}.Debug|Any CPU.ActiveCfg = Debug|Any CPU
		{4F616BE7-40EE-48B6-AD17-E588DE066834}.Debug|Any CPU.Build.0 = Debug|Any CPU
		{4F616BE7-40EE-48B6-AD17-E588DE066834}.Debug|x86.ActiveCfg = Debug|Any CPU
		{4F616BE7-40EE-48B6-AD17-E588DE066834}.Debug|x86.Build.0 = Debug|Any CPU
		{4F616BE7-40EE-48B6-AD17-E588DE066834}.Release|Any CPU.ActiveCfg = Release|Any CPU
		{4F616BE7-40EE-48B6-AD17-E588DE066834}.Release|Any CPU.Build.0 = Release|Any CPU
		{4F616BE7-40EE-48B6-AD17-E588DE066834}.Release|x86.ActiveCfg = Release|Any CPU
		{4F616BE7-40EE-48B6-AD17-E588DE066834}.Release|x86.Build.0 = Release|Any CPU
		{2210AE37-0C33-4876-B8B8-FBDC42359DDD}.Debug|Any CPU.ActiveCfg = Debug|x86
		{2210AE37-0C33-4876-B8B8-FBDC42359DDD}.Debug|Any CPU.Build.0 = Debug|x86
		{2210AE37-0C33-4876-B8B8-FBDC42359DDD}.Debug|x86.ActiveCfg = Debug|x86
		{2210AE37-0C33-4876-B8B8-FBDC42359DDD}.Debug|x86.Build.0 = Debug|x86
		{2210AE37-0C33-4876-B8B8-FBDC42359DDD}.Release|Any CPU.ActiveCfg = Release|x86
		{2210AE37-0C33-4876-B8B8-FBDC42359DDD}.Release|Any CPU.Build.0 = Release|x86
		{2210AE37-0C33-4876-B8B8-FBDC42359DDD}.Release|x86.ActiveCfg = Release|x86
		{2210AE37-0C33-4876-B8B8-FBDC42359DDD}.Release|x86.Build.0 = Release|x86
		{0B44E31B-55DB-4B39-9379-345251C8153E}.Debug|Any CPU.ActiveCfg = Debug|x86
		{0B44E31B-55DB-4B39-9379-345251C8153E}.Debug|Any CPU.Build.0 = Debug|x86
		{0B44E31B-55DB-4B39-9379-345251C8153E}.Debug|x86.ActiveCfg = Debug|x86
		{0B44E31B-55DB-4B39-9379-345251C8153E}.Debug|x86.Build.0 = Debug|x86
		{0B44E31B-55DB-4B39-9379-345251C8153E}.Release|Any CPU.ActiveCfg = Release|x86
		{0B44E31B-55DB-4B39-9379-345251C8153E}.Release|Any CPU.Build.0 = Release|x86
		{0B44E31B-55DB-4B39-9379-345251C8153E}.Release|x86.ActiveCfg = Release|x86
		{0B44E31B-55DB-4B39-9379-345251C8153E}.Release|x86.Build.0 = Release|x86
		{3CD7BFF9-E6CF-416E-A7DB-1478F94B80AC}.Debug|Any CPU.ActiveCfg = Debug|x86
		{3CD7BFF9-E6CF-416E-A7DB-1478F94B80AC}.Debug|Any CPU.Build.0 = Debug|x86
		{3CD7BFF9-E6CF-416E-A7DB-1478F94B80AC}.Debug|x86.ActiveCfg = Debug|x86
		{3CD7BFF9-E6CF-416E-A7DB-1478F94B80AC}.Debug|x86.Build.0 = Debug|x86
		{3CD7BFF9-E6CF-416E-A7DB-1478F94B80AC}.Release|Any CPU.ActiveCfg = Release|x86
		{3CD7BFF9-E6CF-416E-A7DB-1478F94B80AC}.Release|Any CPU.Build.0 = Release|x86
		{3CD7BFF9-E6CF-416E-A7DB-1478F94B80AC}.Release|x86.ActiveCfg = Release|x86
		{3CD7BFF9-E6CF-416E-A7DB-1478F94B80AC}.Release|x86.Build.0 = Release|x86
		{55459B45-04D0-4A94-B627-0D97C4DF7708}.Debug|Any CPU.ActiveCfg = Debug|x86
		{55459B45-04D0-4A94-B627-0D97C4DF7708}.Debug|Any CPU.Build.0 = Debug|x86
		{55459B45-04D0-4A94-B627-0D97C4DF7708}.Debug|x86.ActiveCfg = Debug|x86
		{55459B45-04D0-4A94-B627-0D97C4DF7708}.Debug|x86.Build.0 = Debug|x86
		{55459B45-04D0-4A94-B627-0D97C4DF7708}.Release|Any CPU.ActiveCfg = Release|x86
		{55459B45-04D0-4A94-B627-0D97C4DF7708}.Release|Any CPU.Build.0 = Release|x86
		{55459B45-04D0-4A94-B627-0D97C4DF7708}.Release|x86.ActiveCfg = Release|x86
		{55459B45-04D0-4A94-B627-0D97C4DF7708}.Release|x86.Build.0 = Release|x86
	EndGlobalSection
	GlobalSection(SolutionProperties) = preSolution
		HideSolutionNode = FALSE
	EndGlobalSection
	GlobalSection(NestedProjects) = preSolution
		{9B02E333-E497-46C4-805F-06F0062F4839} = {74F0849F-9C55-413A-968A-D469737533C4}
		{90D6A3C9-B661-4EC6-9FC9-65E25199D8D1} = {74F0849F-9C55-413A-968A-D469737533C4}
		{7D4DFEE5-8816-4144-A5FE-D8E285C97159} = {E47FB428-47C1-4BBE-B33F-93B26B619CA9}
		{A0DF03E6-F605-4569-ABF5-BB38724A8E65} = {E47FB428-47C1-4BBE-B33F-93B26B619CA9}
		{95C03AD5-1510-449C-8D3C-336DC8CB743E} = {E47FB428-47C1-4BBE-B33F-93B26B619CA9}
		{AC7EF0CA-DA3F-4ED5-9209-5BC453044B23} = {EC0B47C1-CF8A-4167-A58F-74A17BD9E3F4}
		{23001941-CFD5-4741-8C49-4FC80D47C439} = {EC0B47C1-CF8A-4167-A58F-74A17BD9E3F4}
		{D0053B02-8417-46E5-A8FD-C8F7B2BEC198} = {EC0B47C1-CF8A-4167-A58F-74A17BD9E3F4}
		{8173CE0A-DA7D-412C-8397-930D6772D6AD} = {EC0B47C1-CF8A-4167-A58F-74A17BD9E3F4}
		{CA3C9A35-7C19-4F09-AAC1-3F29263E8118} = {EC0B47C1-CF8A-4167-A58F-74A17BD9E3F4}
		{F472E181-2C15-465A-B307-2D3703720D0C} = {EC0B47C1-CF8A-4167-A58F-74A17BD9E3F4}
		{E9C748CD-0557-4794-8F8E-DB561CC3F6BB} = {EC0B47C1-CF8A-4167-A58F-74A17BD9E3F4}
		{564DCFC2-B798-4AA3-ADC7-106A95ED118E} = {EC0B47C1-CF8A-4167-A58F-74A17BD9E3F4}
		{CA5A6B7F-0D4E-47E5-ACEE-C31FD9AD58E9} = {EC0B47C1-CF8A-4167-A58F-74A17BD9E3F4}
		{4966FE5A-5579-48A0-B790-283D1D033E5D} = {EC0B47C1-CF8A-4167-A58F-74A17BD9E3F4}
		{C13B7A64-BF32-49AF-95D2-B6ED3F15E431} = {EC0B47C1-CF8A-4167-A58F-74A17BD9E3F4}
		{BF25C078-2028-4C0E-A53B-AE1FBBEB0D0D} = {EC0B47C1-CF8A-4167-A58F-74A17BD9E3F4}
		{D2055E61-F03D-42C3-9C6E-D90662BA686C} = {EC0B47C1-CF8A-4167-A58F-74A17BD9E3F4}
		{05B0EEA0-E8F9-40C9-8501-FA73D7CDD359} = {74F0849F-9C55-413A-968A-D469737533C4}
		{AB8F8B36-1427-452C-961F-43039F13701D} = {74F0849F-9C55-413A-968A-D469737533C4}
		{7022039D-1C64-4317-81F1-4BE920B66215} = {74F0849F-9C55-413A-968A-D469737533C4}
		{65DEB54A-6A62-4F72-AE1C-04215D1A3326} = {74F0849F-9C55-413A-968A-D469737533C4}
		{B711259D-8D6B-4F0C-977E-F569F45500C3} = {74F0849F-9C55-413A-968A-D469737533C4}
		{F8B4397D-01D1-48F1-8C99-A431F10EDDAE} = {9B02E333-E497-46C4-805F-06F0062F4839}
		{1F9AEA7D-CD4F-4221-A7A6-01D759C19F5A} = {9B02E333-E497-46C4-805F-06F0062F4839}
		{EF2DB400-BF57-466C-AC94-EC91674EF66F} = {9B02E333-E497-46C4-805F-06F0062F4839}
		{ACA1CD76-2FE2-4575-9859-BC960E4CA558} = {9B02E333-E497-46C4-805F-06F0062F4839}
		{89C25C8C-04DC-4E4C-86D0-A1ACC14D075F} = {74F0849F-9C55-413A-968A-D469737533C4}
		{233158B5-72C8-4144-893D-E852D6E46167} = {74F0849F-9C55-413A-968A-D469737533C4}
		{5A31D296-ECC9-4431-9828-AEEFA79D5ADB} = {74F0849F-9C55-413A-968A-D469737533C4}
		{E331A2C5-F447-4BB3-84EF-D7F554A0D29A} = {74F0849F-9C55-413A-968A-D469737533C4}
		{56490F52-6BEA-4FAB-8839-DE5042755DE3} = {74F0849F-9C55-413A-968A-D469737533C4}
		{8A8F7E15-D7A3-49C0-9A58-E22C8D7FEB84} = {74F0849F-9C55-413A-968A-D469737533C4}
		{B0CC6D8E-5A69-496E-AD3A-45F780C7CD42} = {74F0849F-9C55-413A-968A-D469737533C4}
		{E85F3C4D-3761-44C0-B227-8E30B29C6B3D} = {74F0849F-9C55-413A-968A-D469737533C4}
		{70808242-0F5C-4A3A-BFF9-BBB15B198B8C} = {74F0849F-9C55-413A-968A-D469737533C4}
		{E3235E4E-E9F1-4F58-B850-429F1EC7E52B} = {90D6A3C9-B661-4EC6-9FC9-65E25199D8D1}
		{1EB11236-B519-422E-B9C0-36B899E5B6B2} = {90D6A3C9-B661-4EC6-9FC9-65E25199D8D1}
		{BAD557F8-9BDE-4969-BAD6-7EFD08D1514D} = {90D6A3C9-B661-4EC6-9FC9-65E25199D8D1}
		{FE1290D0-90E5-414F-A37D-6277FE26D547} = {90D6A3C9-B661-4EC6-9FC9-65E25199D8D1}
		{0CDE9279-E97F-4F8C-AAD3-C49246596B1C} = {90D6A3C9-B661-4EC6-9FC9-65E25199D8D1}
		{34D5C6FC-DAEF-47C7-9D37-CA6739884C1E} = {90D6A3C9-B661-4EC6-9FC9-65E25199D8D1}
		{3ACBD3D6-DDD2-4E51-BD7C-C3B4A91CAA57} = {74F0849F-9C55-413A-968A-D469737533C4}
		{C536C08D-FB42-4806-B96C-D5E2A785B261} = {74F0849F-9C55-413A-968A-D469737533C4}
		{D41F440B-E961-499B-975B-41BAE9CF1394} = {74F0849F-9C55-413A-968A-D469737533C4}
		{115D4773-8889-429A-9F3B-6AD18D569427} = {74F0849F-9C55-413A-968A-D469737533C4}
		{4BBD0C0E-82F9-460B-BCF0-030B1FECD085} = {74F0849F-9C55-413A-968A-D469737533C4}
		{3ADE154A-9E38-44C2-8CFF-1DE889C6721D} = {74F0849F-9C55-413A-968A-D469737533C4}
		{0FB1EAB4-D685-4B2A-AA47-0D0EC556AFD9} = {74F0849F-9C55-413A-968A-D469737533C4}
		{0DD5ADE9-0C5A-488E-AD6C-9A728150BB17} = {4117857D-601B-4E62-8532-9E657CCB07F4}
		{B771D4B5-5050-408B-A82A-8776535CB75E} = {4117857D-601B-4E62-8532-9E657CCB07F4}
		{A6DEBC4F-39CA-4B24-861E-760D18486604} = {4117857D-601B-4E62-8532-9E657CCB07F4}
		{1D54B782-B10E-4EBE-B047-CD9D59D8CBAC} = {4117857D-601B-4E62-8532-9E657CCB07F4}
		{FD832F61-8FF8-4EA7-99DF-960DE4E0328E} = {E47FB428-47C1-4BBE-B33F-93B26B619CA9}
		{A7033A80-FCE9-4D8F-BBB7-53839B220FC1} = {E47FB428-47C1-4BBE-B33F-93B26B619CA9}
		{4D71A6FF-C719-4B88-9D0D-862BA797536E} = {E47FB428-47C1-4BBE-B33F-93B26B619CA9}
		{73BDA2BD-E3F6-4A36-A7D3-8FE7081E9E76} = {E47FB428-47C1-4BBE-B33F-93B26B619CA9}
		{AF26ADAD-9C79-4D10-83CB-A6A08BD62425} = {E47FB428-47C1-4BBE-B33F-93B26B619CA9}
		{7E5E19C8-34C1-4E48-A03B-A9F2A4CF48EB} = {E47FB428-47C1-4BBE-B33F-93B26B619CA9}
		{57D690DE-9637-4488-A203-5856964C8B72} = {E47FB428-47C1-4BBE-B33F-93B26B619CA9}
		{B9984A7F-8718-4C26-9393-81E31BD182C7} = {E47FB428-47C1-4BBE-B33F-93B26B619CA9}
		{55077AA8-24A0-428D-B735-4FBBE2F30B5B} = {E47FB428-47C1-4BBE-B33F-93B26B619CA9}
		{B6554B2D-043B-4A4A-B3A9-9109087ECBE7} = {7D4DFEE5-8816-4144-A5FE-D8E285C97159}
		{428093BD-6E76-4F50-B643-E43420B056F3} = {7D4DFEE5-8816-4144-A5FE-D8E285C97159}
		{71B586C6-36D5-40AB-B943-F816C201C830} = {E47FB428-47C1-4BBE-B33F-93B26B619CA9}
		{0576E258-1704-4260-BB98-37326F86C2D0} = {E47FB428-47C1-4BBE-B33F-93B26B619CA9}
		{A00DA26F-60D6-48BE-A551-861C88C806EC} = {E47FB428-47C1-4BBE-B33F-93B26B619CA9}
		{71BED1B0-BE9A-4D7F-90B6-503D37FB9A20} = {E47FB428-47C1-4BBE-B33F-93B26B619CA9}
		{12125916-9065-42D7-8B85-1944BD265772} = {E47FB428-47C1-4BBE-B33F-93B26B619CA9}
		{4F16B0D3-129F-4E0A-BC9D-0E0A8B14A803} = {E47FB428-47C1-4BBE-B33F-93B26B619CA9}
		{04C25678-693D-4191-B9D7-9FCCB3A92628} = {E47FB428-47C1-4BBE-B33F-93B26B619CA9}
		{7E0D3C11-8286-4F0A-85DA-641931816581} = {E47FB428-47C1-4BBE-B33F-93B26B619CA9}
		{8087E54F-D187-42CB-B4EF-56F2B18C651B} = {A0DF03E6-F605-4569-ABF5-BB38724A8E65}
		{B9C17CC8-13CF-477D-9F25-729C7B927BCB} = {A0DF03E6-F605-4569-ABF5-BB38724A8E65}
		{7D3A7422-D7FA-4B85-9454-FF5A365078C0} = {A0DF03E6-F605-4569-ABF5-BB38724A8E65}
		{4F616BE7-40EE-48B6-AD17-E588DE066834} = {95C03AD5-1510-449C-8D3C-336DC8CB743E}
		{2210AE37-0C33-4876-B8B8-FBDC42359DDD} = {95C03AD5-1510-449C-8D3C-336DC8CB743E}
		{0B44E31B-55DB-4B39-9379-345251C8153E} = {E47FB428-47C1-4BBE-B33F-93B26B619CA9}
		{3CD7BFF9-E6CF-416E-A7DB-1478F94B80AC} = {E47FB428-47C1-4BBE-B33F-93B26B619CA9}
		{55459B45-04D0-4A94-B627-0D97C4DF7708} = {E47FB428-47C1-4BBE-B33F-93B26B619CA9}
	EndGlobalSection
EndGlobal
