
Microsoft Visual Studio Solution File, Format Version 11.00
# Visual Studio 2010
Project("{FAE04EC0-301F-11D3-BF4B-00C04F79EFBC}") = "PrintingGiris", "PrintingGiris\PrintingGiris.csproj", "{C536C08D-FB42-4806-B96C-D5E2A785B261}"
EndProject
Global
	GlobalSection(SolutionConfigurationPlatforms) = preSolution
		Debug|x86 = Debug|x86
		Release|x86 = Release|x86
	EndGlobalSection
	GlobalSection(ProjectConfigurationPlatforms) = postSolution
		{C536C08D-FB42-4806-B96C-D5E2A785B261}.Debug|x86.ActiveCfg = Debug|x86
		{C536C08D-FB42-4806-B96C-D5E2A785B261}.Debug|x86.Build.0 = Debug|x86
		{C536C08D-FB42-4806-B96C-D5E2A785B261}.Release|x86.ActiveCfg = Release|x86
		{C536C08D-FB42-4806-B96C-D5E2A785B261}.Release|x86.Build.0 = Release|x86
	EndGlobalSection
	GlobalSection(SolutionProperties) = preSolution
		HideSolutionNode = FALSE
	EndGlobalSection
EndGlobal
